// !$*UTF8*$!
{
	archiveVersion = 1;
	classes = {
	};
	objectVersion = 46;
	objects = {

/* Begin PBXAggregateTarget section */
		5CAA3F99741814A9ECD18D1E /* ARA_midiout - All */ = {
			isa = PBXAggregateTarget;
			buildConfigurationList = 3417443C1D255A8EF46932F0;
			buildPhases = (
			);
			dependencies = (
				B7EFB178956948EFD53423AC,
				947EFF042AA5F17CBD02C51E,
				7440AF823B4AA52E9A94F347,
				DF04EC5FC69AF6417F022BFF,
			);
			name = "ARA_midiout - All";
			productName = ARA_midiout;
		};
/* End PBXAggregateTarget section */

/* Begin PBXBuildFile section */
		026A7039B610D5738DFE2BA5 /* include_juce_audio_plugin_client_utils.cpp */ = {isa = PBXBuildFile; fileRef = 7436DB9B8A68C3A8D410780B; };
		03BF7D5A60175888A87A4D54 /* include_juce_audio_plugin_client_AU_1.mm */ = {isa = PBXBuildFile; fileRef = 1DC89F2EA58B58D74375816A; };
		0E9A62D54BB541612DB521FD /* NameLabel.cpp */ = {isa = PBXBuildFile; fileRef = 61065D86B5C62AB4C77386B9; };
		19A6553BAAFAD4FFCC28ACF2 /* include_juce_audio_plugin_client_Standalone.cpp */ = {isa = PBXBuildFile; fileRef = 2FF78BC2562CF04036D1CB57; };
		27A95E73EAF9CFABF70F1714 /* include_juce_graphics.mm */ = {isa = PBXBuildFile; fileRef = DFD9CB61CFC51039E7C148E0; };
		2A18A2133E2C96016266B6DF /* PluginARADocumentController.cpp */ = {isa = PBXBuildFile; fileRef = 97366C5724727762B6D6934E; };
		3E7B280D2946F5FF05487A7A /* include_juce_audio_formats.mm */ = {isa = PBXBuildFile; fileRef = BC628AAE26E45901004DE55B; };
		3F236715D403C985056ED15F /* CoreAudioKit.framework */ = {isa = PBXBuildFile; fileRef = B57526727A6ED8A9284DA1DF; };
		43B2200E587E7CED9FDFB163 /* include_juce_audio_devices.mm */ = {isa = PBXBuildFile; fileRef = 54D58A3C18F02A334222FB08; };
		440D3BC12CCF8A29AE7A57D6 /* include_juce_audio_processors_ara.cpp */ = {isa = PBXBuildFile; fileRef = C671592F8D025F3AAB39E60D; };
		4633D8E14C6BBB9E87F1A697 /* include_juce_gui_extra.mm */ = {isa = PBXBuildFile; fileRef = 71158EDF0D442E7576877781; };
		49640F1F9349F7BE71074EF2 /* Standalone Plugin */ = {isa = PBXBuildFile; fileRef = 642ABA07D979CBA9BFD0B037; };
		49E69B325A506C9CE7E4EF5E /* VST3 */ = {isa = PBXBuildFile; fileRef = 886FCD7EB430C89578620269; };
		4DDA03731C2E7F461D7F1C9A /* PluginEditor.cpp */ = {isa = PBXBuildFile; fileRef = 8BA8559E26AF546AA08930F2; };
		4F30187C3C11E07A97B8614D /* IOKit.framework */ = {isa = PBXBuildFile; fileRef = 746C46ACC221EDB4F82ACCF7; };
		4FA975425F0EA6E59F70D041 /* CoreMIDI.framework */ = {isa = PBXBuildFile; fileRef = B8552AA4EA5F01C7C88DD4DE; };
		5349CE74518794FAB8E85B28 /* include_juce_audio_plugin_client_ARA.cpp */ = {isa = PBXBuildFile; fileRef = 032868AFCA83DD15A9FECFF2; };
		64F61442A1FCD42EFB99C395 /* Dial.cpp */ = {isa = PBXBuildFile; fileRef = 62227CD3ADD6AB9EFFB8DAD0; };
		6EB9A3300929AD105C3BA268 /* PluginARAPlaybackRenderer.cpp */ = {isa = PBXBuildFile; fileRef = 233B762F2D09885F13E86E08; };
		813F484248056146831D7AC2 /* include_juce_audio_plugin_client_VST_utils.mm */ = {isa = PBXBuildFile; fileRef = 66012E8342E5A1574BD959D3; };
		88704A84EE5B4541886C6EFB /* Foundation.framework */ = {isa = PBXBuildFile; fileRef = 5F5C2B615EB37278B4C9DE4F; };
		8C1ED9BB8240DC563894833A /* CoreAudio.framework */ = {isa = PBXBuildFile; fileRef = 7D794C985DADE86FA6C65E81; };
		920413197C6927E71E2740B2 /* include_juce_gui_basics.mm */ = {isa = PBXBuildFile; fileRef = B43BF6BD3288C134B66E7A6F; };
		9468573AA44CD95CDBD9C992 /* include_juce_core.mm */ = {isa = PBXBuildFile; fileRef = 9BDF70BA4CC38694B5942AED; };
		94D90E2842C5F8A594F0154F /* include_juce_events.mm */ = {isa = PBXBuildFile; fileRef = 124C2587879F942F991099CF; };
		95E914892E443C31C929037E /* MyLookAndFeel.cpp */ = {isa = PBXBuildFile; fileRef = 46EF4F3E95007D1D0E088CD9; };
		9D204A0C6B1586C55652C4BA /* WebKit.framework */ = {isa = PBXBuildFile; fileRef = 2D1C7FF73E87E494FB3A2C31; };
		A53A74CF83889964C878CBF3 /* AU */ = {isa = PBXBuildFile; fileRef = B4BAEFE4D21E3C11A4D70B92; };
		A73E23C275C2ED1A27C54DFF /* PluginProcessor.cpp */ = {isa = PBXBuildFile; fileRef = 1E05AFF0D301EE470F4EB2B4; };
		ABE1ED36EF520CB16D21E9E6 /* include_juce_audio_utils.mm */ = {isa = PBXBuildFile; fileRef = 61B8296BC0E9E4325EB43538; };
		AD6E7F24B1DAD8076E0E559B /* AudioToolbox.framework */ = {isa = PBXBuildFile; fileRef = C03CB7995FAD658EA7C61EA7; };
		B4319D4E42B3AD9E9AFC7396 /* include_juce_audio_plugin_client_AU_2.mm */ = {isa = PBXBuildFile; fileRef = 8C2691BAC8264B7954730642; };
		B51D8D4D0EB59EB55F1550CD /* Shared Code */ = {isa = PBXBuildFile; fileRef = DDD23C727357E45801793039; };
		B9DFFACAF30E14F378F4AC59 /* DiscRecording.framework */ = {isa = PBXBuildFile; fileRef = E4622A522388F4D75D210E2C; };
		C02BB41385FFE8B2FC6E7995 /* RecentFilesMenuTemplate.nib */ = {isa = PBXBuildFile; fileRef = 5E1CF9E3DBFEE559A420B6E8; };
		C312D3D171DCB3E0588A2C51 /* Cocoa.framework */ = {isa = PBXBuildFile; fileRef = 0250B85B0E9D048B18BA0499; };
		C368CC7AC3BC9BDE41143604 /* AudioUnit.framework */ = {isa = PBXBuildFile; fileRef = 2CF2DEFA1ECE8D70E3F87D69; };
		C3BC99EAB16EA5B927E55894 /* include_juce_audio_basics.mm */ = {isa = PBXBuildFile; fileRef = B25CDEF13FED6B6F1E5487E4; };
		C76ED88DCC3389F9F532F96C /* include_juce_data_structures.mm */ = {isa = PBXBuildFile; fileRef = 7E2062D9501B69633FCED339; };
		D559CF8CB1E6EFC77F8BB2C4 /* ParamTextBox.cpp */ = {isa = PBXBuildFile; fileRef = 755108032DE12D5A42F7CEB5; };
		DB2F20AC4FD5F2E649AE87FE /* QuartzCore.framework */ = {isa = PBXBuildFile; fileRef = 5CC0FEBDB544BA9D63A8CDEE; };
		DCE8B80D8FDF9C394A380A15 /* include_juce_audio_processors.mm */ = {isa = PBXBuildFile; fileRef = 80695EC2096E4D8ECD5708F4; };
		E3746D290136F44F337DE468 /* Accelerate.framework */ = {isa = PBXBuildFile; fileRef = 077330781BC158E3EB1A0E98; };
		E3E81E6859B7CD997F85D5FD /* MidiLogger.cpp */ = {isa = PBXBuildFile; fileRef = 90670C26EDD0C29B7DF99DCB; };
		E5266BEC54F33FBA74D389B6 /* include_juce_audio_plugin_client_VST3.cpp */ = {isa = PBXBuildFile; fileRef = 0A12CCCF93C667705D88D6B8; };
		F3C13656AD2B2C8305EE1048 /* include_juce_audio_plugin_client_AU.r */ = {isa = PBXBuildFile; fileRef = 94C5647EB4DEF204CEE2D7F1; };
		FC5DB9C9B8DF9C0791B9B878 /* include_juce_audio_processors_lv2_libs.cpp */ = {isa = PBXBuildFile; fileRef = 9A8086A4C1657641E914FC81; };
		FE373E3D603C8F6E9E3E2793 /* Arp.cpp */ = {isa = PBXBuildFile; fileRef = D279B39BD01679B17978AACF; };
/* End PBXBuildFile section */

/* Begin PBXFileReference section */
		0250B85B0E9D048B18BA0499 /* Cocoa.framework */ /* Cocoa.framework */ = {isa = PBXFileReference; lastKnownFileType = wrapper.framework; name = Cocoa.framework; path = System/Library/Frameworks/Cocoa.framework; sourceTree = SDKROOT; };
		032868AFCA83DD15A9FECFF2 /* include_juce_audio_plugin_client_ARA.cpp */ /* include_juce_audio_plugin_client_ARA.cpp */ = {isa = PBXFileReference; lastKnownFileType = sourcecode.cpp.cpp; name = include_juce_audio_plugin_client_ARA.cpp; path = ../../JuceLibraryCode/include_juce_audio_plugin_client_ARA.cpp; sourceTree = SOURCE_ROOT; };
		077330781BC158E3EB1A0E98 /* Accelerate.framework */ /* Accelerate.framework */ = {isa = PBXFileReference; lastKnownFileType = wrapper.framework; name = Accelerate.framework; path = System/Library/Frameworks/Accelerate.framework; sourceTree = SDKROOT; };
		0A12CCCF93C667705D88D6B8 /* include_juce_audio_plugin_client_VST3.cpp */ /* include_juce_audio_plugin_client_VST3.cpp */ = {isa = PBXFileReference; lastKnownFileType = sourcecode.cpp.cpp; name = include_juce_audio_plugin_client_VST3.cpp; path = ../../JuceLibraryCode/include_juce_audio_plugin_client_VST3.cpp; sourceTree = SOURCE_ROOT; };
		0B55BF867F57B66A27B58F06 /* juce_graphics */ /* juce_graphics */ = {isa = PBXFileReference; lastKnownFileType = folder; name = juce_graphics; path = /Library/JUCE/JUCE/modules/juce_graphics; sourceTree = "<absolute>"; };
		124C2587879F942F991099CF /* include_juce_events.mm */ /* include_juce_events.mm */ = {isa = PBXFileReference; lastKnownFileType = sourcecode.cpp.objcpp; name = include_juce_events.mm; path = ../../JuceLibraryCode/include_juce_events.mm; sourceTree = SOURCE_ROOT; };
		170D8E1F1B2FDB4678F1885A /* Info-AU.plist */ /* Info-AU.plist */ = {isa = PBXFileReference; lastKnownFileType = text.plist.xml; name = "Info-AU.plist"; path = "Info-AU.plist"; sourceTree = SOURCE_ROOT; };
		174F82007F3CF0221EB6A83B /* juce_audio_formats */ /* juce_audio_formats */ = {isa = PBXFileReference; lastKnownFileType = folder; name = juce_audio_formats; path = /Library/JUCE/JUCE/modules/juce_audio_formats; sourceTree = "<absolute>"; };
		1DC89F2EA58B58D74375816A /* include_juce_audio_plugin_client_AU_1.mm */ /* include_juce_audio_plugin_client_AU_1.mm */ = {isa = PBXFileReference; lastKnownFileType = sourcecode.cpp.objcpp; name = include_juce_audio_plugin_client_AU_1.mm; path = ../../JuceLibraryCode/include_juce_audio_plugin_client_AU_1.mm; sourceTree = SOURCE_ROOT; };
		1E05AFF0D301EE470F4EB2B4 /* PluginProcessor.cpp */ /* PluginProcessor.cpp */ = {isa = PBXFileReference; lastKnownFileType = sourcecode.cpp.cpp; name = PluginProcessor.cpp; path = ../../Source/PluginProcessor.cpp; sourceTree = SOURCE_ROOT; };
		233B762F2D09885F13E86E08 /* PluginARAPlaybackRenderer.cpp */ /* PluginARAPlaybackRenderer.cpp */ = {isa = PBXFileReference; lastKnownFileType = sourcecode.cpp.cpp; name = PluginARAPlaybackRenderer.cpp; path = ../../Source/PluginARAPlaybackRenderer.cpp; sourceTree = SOURCE_ROOT; };
		23593D0071922D835183FC3A /* Dial.h */ /* Dial.h */ = {isa = PBXFileReference; lastKnownFileType = sourcecode.c.h; name = Dial.h; path = ../../Source/GUI/Dial.h; sourceTree = SOURCE_ROOT; };
		285E2DBE9FEE8CE08BDA92DD /* NameLabel.h */ /* NameLabel.h */ = {isa = PBXFileReference; lastKnownFileType = sourcecode.c.h; name = NameLabel.h; path = ../../Source/GUI/NameLabel.h; sourceTree = SOURCE_ROOT; };
		2CF2DEFA1ECE8D70E3F87D69 /* AudioUnit.framework */ /* AudioUnit.framework */ = {isa = PBXFileReference; lastKnownFileType = wrapper.framework; name = AudioUnit.framework; path = System/Library/Frameworks/AudioUnit.framework; sourceTree = SDKROOT; };
		2D1C7FF73E87E494FB3A2C31 /* WebKit.framework */ /* WebKit.framework */ = {isa = PBXFileReference; lastKnownFileType = wrapper.framework; name = WebKit.framework; path = System/Library/Frameworks/WebKit.framework; sourceTree = SDKROOT; };
		2D698F5CC3361C1EA7965EA9 /* JuceHeader.h */ /* JuceHeader.h */ = {isa = PBXFileReference; lastKnownFileType = sourcecode.c.h; name = JuceHeader.h; path = ../../JuceLibraryCode/JuceHeader.h; sourceTree = SOURCE_ROOT; };
		2FF78BC2562CF04036D1CB57 /* include_juce_audio_plugin_client_Standalone.cpp */ /* include_juce_audio_plugin_client_Standalone.cpp */ = {isa = PBXFileReference; lastKnownFileType = sourcecode.cpp.cpp; name = include_juce_audio_plugin_client_Standalone.cpp; path = ../../JuceLibraryCode/include_juce_audio_plugin_client_Standalone.cpp; sourceTree = SOURCE_ROOT; };
		34ACE5E89EB0C3B8476C565F /* juce_audio_basics */ /* juce_audio_basics */ = {isa = PBXFileReference; lastKnownFileType = folder; name = juce_audio_basics; path = /Library/JUCE/JUCE/modules/juce_audio_basics; sourceTree = "<absolute>"; };
		3774716B0B30CFCBD75DED2F /* juce_events */ /* juce_events */ = {isa = PBXFileReference; lastKnownFileType = folder; name = juce_events; path = /Library/JUCE/JUCE/modules/juce_events; sourceTree = "<absolute>"; };
		46EF4F3E95007D1D0E088CD9 /* MyLookAndFeel.cpp */ /* MyLookAndFeel.cpp */ = {isa = PBXFileReference; lastKnownFileType = sourcecode.cpp.cpp; name = MyLookAndFeel.cpp; path = ../../Source/GUI/MyLookAndFeel.cpp; sourceTree = SOURCE_ROOT; };
		496F61C9B7E3690BA4BC2ECC /* PluginEditor.h */ /* PluginEditor.h */ = {isa = PBXFileReference; lastKnownFileType = sourcecode.c.h; name = PluginEditor.h; path = ../../Source/PluginEditor.h; sourceTree = SOURCE_ROOT; };
		54D58A3C18F02A334222FB08 /* include_juce_audio_devices.mm */ /* include_juce_audio_devices.mm */ = {isa = PBXFileReference; lastKnownFileType = sourcecode.cpp.objcpp; name = include_juce_audio_devices.mm; path = ../../JuceLibraryCode/include_juce_audio_devices.mm; sourceTree = SOURCE_ROOT; };
		59154274DADA5F5186206382 /* Info-Standalone_Plugin.plist */ /* Info-Standalone_Plugin.plist */ = {isa = PBXFileReference; lastKnownFileType = text.plist.xml; name = "Info-Standalone_Plugin.plist"; path = "Info-Standalone_Plugin.plist"; sourceTree = SOURCE_ROOT; };
		5A40C309E1772FE91DF657E4 /* MidiList.h */ /* MidiList.h */ = {isa = PBXFileReference; lastKnownFileType = sourcecode.c.h; name = MidiList.h; path = ../../Source/GUI/MidiList.h; sourceTree = SOURCE_ROOT; };
		5CC0FEBDB544BA9D63A8CDEE /* QuartzCore.framework */ /* QuartzCore.framework */ = {isa = PBXFileReference; lastKnownFileType = wrapper.framework; name = QuartzCore.framework; path = System/Library/Frameworks/QuartzCore.framework; sourceTree = SDKROOT; };
		5E1CF9E3DBFEE559A420B6E8 /* RecentFilesMenuTemplate.nib */ /* RecentFilesMenuTemplate.nib */ = {isa = PBXFileReference; lastKnownFileType = file.nib; name = RecentFilesMenuTemplate.nib; path = RecentFilesMenuTemplate.nib; sourceTree = SOURCE_ROOT; };
		5F5C2B615EB37278B4C9DE4F /* Foundation.framework */ /* Foundation.framework */ = {isa = PBXFileReference; lastKnownFileType = wrapper.framework; name = Foundation.framework; path = System/Library/Frameworks/Foundation.framework; sourceTree = SDKROOT; };
		61065D86B5C62AB4C77386B9 /* NameLabel.cpp */ /* NameLabel.cpp */ = {isa = PBXFileReference; lastKnownFileType = sourcecode.cpp.cpp; name = NameLabel.cpp; path = ../../Source/GUI/NameLabel.cpp; sourceTree = SOURCE_ROOT; };
		61B8296BC0E9E4325EB43538 /* include_juce_audio_utils.mm */ /* include_juce_audio_utils.mm */ = {isa = PBXFileReference; lastKnownFileType = sourcecode.cpp.objcpp; name = include_juce_audio_utils.mm; path = ../../JuceLibraryCode/include_juce_audio_utils.mm; sourceTree = SOURCE_ROOT; };
		62227CD3ADD6AB9EFFB8DAD0 /* Dial.cpp */ /* Dial.cpp */ = {isa = PBXFileReference; lastKnownFileType = sourcecode.cpp.cpp; name = Dial.cpp; path = ../../Source/GUI/Dial.cpp; sourceTree = SOURCE_ROOT; };
		642ABA07D979CBA9BFD0B037 /* Standalone Plugin */ = {isa = PBXFileReference; explicitFileType = wrapper.application; includeInIndex = 0; path = ARA_midiout.app; sourceTree = BUILT_PRODUCTS_DIR; };
		6566758B30330C10851D8671 /* PluginARAPlaybackRenderer.h */ /* PluginARAPlaybackRenderer.h */ = {isa = PBXFileReference; lastKnownFileType = sourcecode.c.h; name = PluginARAPlaybackRenderer.h; path = ../../Source/PluginARAPlaybackRenderer.h; sourceTree = SOURCE_ROOT; };
		657331C749721E05855B5501 /* MyColors.h */ /* MyColors.h */ = {isa = PBXFileReference; lastKnownFileType = sourcecode.c.h; name = MyColors.h; path = ../../Source/GUI/MyColors.h; sourceTree = SOURCE_ROOT; };
		66012E8342E5A1574BD959D3 /* include_juce_audio_plugin_client_VST_utils.mm */ /* include_juce_audio_plugin_client_VST_utils.mm */ = {isa = PBXFileReference; lastKnownFileType = sourcecode.cpp.objcpp; name = include_juce_audio_plugin_client_VST_utils.mm; path = ../../JuceLibraryCode/include_juce_audio_plugin_client_VST_utils.mm; sourceTree = SOURCE_ROOT; };
		6FDD18C7F7D8A99C1BE3A4FB /* MyLookAndFeel.h */ /* MyLookAndFeel.h */ = {isa = PBXFileReference; lastKnownFileType = sourcecode.c.h; name = MyLookAndFeel.h; path = ../../Source/GUI/MyLookAndFeel.h; sourceTree = SOURCE_ROOT; };
		71158EDF0D442E7576877781 /* include_juce_gui_extra.mm */ /* include_juce_gui_extra.mm */ = {isa = PBXFileReference; lastKnownFileType = sourcecode.cpp.objcpp; name = include_juce_gui_extra.mm; path = ../../JuceLibraryCode/include_juce_gui_extra.mm; sourceTree = SOURCE_ROOT; };
		7436DB9B8A68C3A8D410780B /* include_juce_audio_plugin_client_utils.cpp */ /* include_juce_audio_plugin_client_utils.cpp */ = {isa = PBXFileReference; lastKnownFileType = sourcecode.cpp.cpp; name = include_juce_audio_plugin_client_utils.cpp; path = ../../JuceLibraryCode/include_juce_audio_plugin_client_utils.cpp; sourceTree = SOURCE_ROOT; };
		746C46ACC221EDB4F82ACCF7 /* IOKit.framework */ /* IOKit.framework */ = {isa = PBXFileReference; lastKnownFileType = wrapper.framework; name = IOKit.framework; path = System/Library/Frameworks/IOKit.framework; sourceTree = SDKROOT; };
		755108032DE12D5A42F7CEB5 /* ParamTextBox.cpp */ /* ParamTextBox.cpp */ = {isa = PBXFileReference; lastKnownFileType = sourcecode.cpp.cpp; name = ParamTextBox.cpp; path = ../../Source/GUI/ParamTextBox.cpp; sourceTree = SOURCE_ROOT; };
		7D794C985DADE86FA6C65E81 /* CoreAudio.framework */ /* CoreAudio.framework */ = {isa = PBXFileReference; lastKnownFileType = wrapper.framework; name = CoreAudio.framework; path = System/Library/Frameworks/CoreAudio.framework; sourceTree = SDKROOT; };
		7E2062D9501B69633FCED339 /* include_juce_data_structures.mm */ /* include_juce_data_structures.mm */ = {isa = PBXFileReference; lastKnownFileType = sourcecode.cpp.objcpp; name = include_juce_data_structures.mm; path = ../../JuceLibraryCode/include_juce_data_structures.mm; sourceTree = SOURCE_ROOT; };
		80695EC2096E4D8ECD5708F4 /* include_juce_audio_processors.mm */ /* include_juce_audio_processors.mm */ = {isa = PBXFileReference; lastKnownFileType = sourcecode.cpp.objcpp; name = include_juce_audio_processors.mm; path = ../../JuceLibraryCode/include_juce_audio_processors.mm; sourceTree = SOURCE_ROOT; };
		830BFC387591ACD771D3439C /* juce_audio_devices */ /* juce_audio_devices */ = {isa = PBXFileReference; lastKnownFileType = folder; name = juce_audio_devices; path = /Library/JUCE/JUCE/modules/juce_audio_devices; sourceTree = "<absolute>"; };
		8652FA549526D96F24B44EA3 /* Arp.h */ /* Arp.h */ = {isa = PBXFileReference; lastKnownFileType = sourcecode.c.h; name = Arp.h; path = ../../Source/MIDI/Arp.h; sourceTree = SOURCE_ROOT; };
		8859878F9B36B96ADEA0E466 /* juce_core */ /* juce_core */ = {isa = PBXFileReference; lastKnownFileType = folder; name = juce_core; path = /Library/JUCE/JUCE/modules/juce_core; sourceTree = "<absolute>"; };
		886FCD7EB430C89578620269 /* VST3 */ = {isa = PBXFileReference; explicitFileType = wrapper.cfbundle; includeInIndex = 0; path = ARA_midiout.vst3; sourceTree = BUILT_PRODUCTS_DIR; };
		8BA8559E26AF546AA08930F2 /* PluginEditor.cpp */ /* PluginEditor.cpp */ = {isa = PBXFileReference; lastKnownFileType = sourcecode.cpp.cpp; name = PluginEditor.cpp; path = ../../Source/PluginEditor.cpp; sourceTree = SOURCE_ROOT; };
		8C2691BAC8264B7954730642 /* include_juce_audio_plugin_client_AU_2.mm */ /* include_juce_audio_plugin_client_AU_2.mm */ = {isa = PBXFileReference; lastKnownFileType = sourcecode.cpp.objcpp; name = include_juce_audio_plugin_client_AU_2.mm; path = ../../JuceLibraryCode/include_juce_audio_plugin_client_AU_2.mm; sourceTree = SOURCE_ROOT; };
		90670C26EDD0C29B7DF99DCB /* MidiLogger.cpp */ /* MidiLogger.cpp */ = {isa = PBXFileReference; lastKnownFileType = sourcecode.cpp.cpp; name = MidiLogger.cpp; path = ../../Source/MIDI/MidiLogger.cpp; sourceTree = SOURCE_ROOT; };
		94C5647EB4DEF204CEE2D7F1 /* include_juce_audio_plugin_client_AU.r */ /* include_juce_audio_plugin_client_AU.r */ = {isa = PBXFileReference; lastKnownFileType = file.r; name = include_juce_audio_plugin_client_AU.r; path = ../../JuceLibraryCode/include_juce_audio_plugin_client_AU.r; sourceTree = SOURCE_ROOT; };
		97366C5724727762B6D6934E /* PluginARADocumentController.cpp */ /* PluginARADocumentController.cpp */ = {isa = PBXFileReference; lastKnownFileType = sourcecode.cpp.cpp; name = PluginARADocumentController.cpp; path = ../../Source/PluginARADocumentController.cpp; sourceTree = SOURCE_ROOT; };
		9A8086A4C1657641E914FC81 /* include_juce_audio_processors_lv2_libs.cpp */ /* include_juce_audio_processors_lv2_libs.cpp */ = {isa = PBXFileReference; lastKnownFileType = sourcecode.cpp.cpp; name = include_juce_audio_processors_lv2_libs.cpp; path = ../../JuceLibraryCode/include_juce_audio_processors_lv2_libs.cpp; sourceTree = SOURCE_ROOT; };
		9BDF70BA4CC38694B5942AED /* include_juce_core.mm */ /* include_juce_core.mm */ = {isa = PBXFileReference; lastKnownFileType = sourcecode.cpp.objcpp; name = include_juce_core.mm; path = ../../JuceLibraryCode/include_juce_core.mm; sourceTree = SOURCE_ROOT; };
		9FFA87494A38E1007DA7FEDD /* juce_audio_processors */ /* juce_audio_processors */ = {isa = PBXFileReference; lastKnownFileType = folder; name = juce_audio_processors; path = /Library/JUCE/JUCE/modules/juce_audio_processors; sourceTree = "<absolute>"; };
		A274672B6D87F8E1DAE10952 /* Info-VST3.plist */ /* Info-VST3.plist */ = {isa = PBXFileReference; lastKnownFileType = text.plist.xml; name = "Info-VST3.plist"; path = "Info-VST3.plist"; sourceTree = SOURCE_ROOT; };
		A3D010ED6FF5D75C493FA187 /* juce_gui_extra */ /* juce_gui_extra */ = {isa = PBXFileReference; lastKnownFileType = folder; name = juce_gui_extra; path = /Library/JUCE/JUCE/modules/juce_gui_extra; sourceTree = "<absolute>"; };
		A6D98704092EC7309F6A41F5 /* juce_audio_plugin_client */ /* juce_audio_plugin_client */ = {isa = PBXFileReference; lastKnownFileType = folder; name = juce_audio_plugin_client; path = /Library/JUCE/JUCE/modules/juce_audio_plugin_client; sourceTree = "<absolute>"; };
		A887E1FD451FE8D932A3E0DA /* ParamTextBox.h */ /* ParamTextBox.h */ = {isa = PBXFileReference; lastKnownFileType = sourcecode.c.h; name = ParamTextBox.h; path = ../../Source/GUI/ParamTextBox.h; sourceTree = SOURCE_ROOT; };
		AE28942FC028C41DB65D45E0 /* PluginARADocumentController.h */ /* PluginARADocumentController.h */ = {isa = PBXFileReference; lastKnownFileType = sourcecode.c.h; name = PluginARADocumentController.h; path = ../../Source/PluginARADocumentController.h; sourceTree = SOURCE_ROOT; };
		B25CDEF13FED6B6F1E5487E4 /* include_juce_audio_basics.mm */ /* include_juce_audio_basics.mm */ = {isa = PBXFileReference; lastKnownFileType = sourcecode.cpp.objcpp; name = include_juce_audio_basics.mm; path = ../../JuceLibraryCode/include_juce_audio_basics.mm; sourceTree = SOURCE_ROOT; };
		B43BF6BD3288C134B66E7A6F /* include_juce_gui_basics.mm */ /* include_juce_gui_basics.mm */ = {isa = PBXFileReference; lastKnownFileType = sourcecode.cpp.objcpp; name = include_juce_gui_basics.mm; path = ../../JuceLibraryCode/include_juce_gui_basics.mm; sourceTree = SOURCE_ROOT; };
		B4BAEFE4D21E3C11A4D70B92 /* AU */ = {isa = PBXFileReference; explicitFileType = wrapper.cfbundle; includeInIndex = 0; path = ARA_midiout.component; sourceTree = BUILT_PRODUCTS_DIR; };
		B57526727A6ED8A9284DA1DF /* CoreAudioKit.framework */ /* CoreAudioKit.framework */ = {isa = PBXFileReference; lastKnownFileType = wrapper.framework; name = CoreAudioKit.framework; path = System/Library/Frameworks/CoreAudioKit.framework; sourceTree = SDKROOT; };
		B58881C264CAB1B737D5C563 /* juce_audio_utils */ /* juce_audio_utils */ = {isa = PBXFileReference; lastKnownFileType = folder; name = juce_audio_utils; path = /Library/JUCE/JUCE/modules/juce_audio_utils; sourceTree = "<absolute>"; };
		B8552AA4EA5F01C7C88DD4DE /* CoreMIDI.framework */ /* CoreMIDI.framework */ = {isa = PBXFileReference; lastKnownFileType = wrapper.framework; name = CoreMIDI.framework; path = System/Library/Frameworks/CoreMIDI.framework; sourceTree = SDKROOT; };
		BBEF3CC1F621A743AC1112FE /* juce_data_structures */ /* juce_data_structures */ = {isa = PBXFileReference; lastKnownFileType = folder; name = juce_data_structures; path = /Library/JUCE/JUCE/modules/juce_data_structures; sourceTree = "<absolute>"; };
		BC628AAE26E45901004DE55B /* include_juce_audio_formats.mm */ /* include_juce_audio_formats.mm */ = {isa = PBXFileReference; lastKnownFileType = sourcecode.cpp.objcpp; name = include_juce_audio_formats.mm; path = ../../JuceLibraryCode/include_juce_audio_formats.mm; sourceTree = SOURCE_ROOT; };
		C03CB7995FAD658EA7C61EA7 /* AudioToolbox.framework */ /* AudioToolbox.framework */ = {isa = PBXFileReference; lastKnownFileType = wrapper.framework; name = AudioToolbox.framework; path = System/Library/Frameworks/AudioToolbox.framework; sourceTree = SDKROOT; };
		C671592F8D025F3AAB39E60D /* include_juce_audio_processors_ara.cpp */ /* include_juce_audio_processors_ara.cpp */ = {isa = PBXFileReference; lastKnownFileType = sourcecode.cpp.cpp; name = include_juce_audio_processors_ara.cpp; path = ../../JuceLibraryCode/include_juce_audio_processors_ara.cpp; sourceTree = SOURCE_ROOT; };
		CBC8E9A998DC3E06345352F3 /* PluginProcessor.h */ /* PluginProcessor.h */ = {isa = PBXFileReference; lastKnownFileType = sourcecode.c.h; name = PluginProcessor.h; path = ../../Source/PluginProcessor.h; sourceTree = SOURCE_ROOT; };
		D279B39BD01679B17978AACF /* Arp.cpp */ /* Arp.cpp */ = {isa = PBXFileReference; lastKnownFileType = sourcecode.cpp.cpp; name = Arp.cpp; path = ../../Source/MIDI/Arp.cpp; sourceTree = SOURCE_ROOT; };
		DB3B6327BE8ACEECA9435F83 /* MidiLogger.h */ /* MidiLogger.h */ = {isa = PBXFileReference; lastKnownFileType = sourcecode.c.h; name = MidiLogger.h; path = ../../Source/MIDI/MidiLogger.h; sourceTree = SOURCE_ROOT; };
		DDD23C727357E45801793039 /* Shared Code */ = {isa = PBXFileReference; explicitFileType = archive.ar; includeInIndex = 0; path = libARA_midiout.a; sourceTree = BUILT_PRODUCTS_DIR; };
		DFD9CB61CFC51039E7C148E0 /* include_juce_graphics.mm */ /* include_juce_graphics.mm */ = {isa = PBXFileReference; lastKnownFileType = sourcecode.cpp.objcpp; name = include_juce_graphics.mm; path = ../../JuceLibraryCode/include_juce_graphics.mm; sourceTree = SOURCE_ROOT; };
		E4622A522388F4D75D210E2C /* DiscRecording.framework */ /* DiscRecording.framework */ = {isa = PBXFileReference; lastKnownFileType = wrapper.framework; name = DiscRecording.framework; path = System/Library/Frameworks/DiscRecording.framework; sourceTree = SDKROOT; };
		E53687895A3D3F49327DECA5 /* JucePluginDefines.h */ /* JucePluginDefines.h */ = {isa = PBXFileReference; lastKnownFileType = sourcecode.c.h; name = JucePluginDefines.h; path = ../../JuceLibraryCode/JucePluginDefines.h; sourceTree = SOURCE_ROOT; };
		E5741370D141405F89B27E3B /* MidiTable.h */ /* MidiTable.h */ = {isa = PBXFileReference; lastKnownFileType = sourcecode.c.h; name = MidiTable.h; path = ../../Source/GUI/MidiTable.h; sourceTree = SOURCE_ROOT; };
		E91BF8A13EBF788402500B4D /* juce_gui_basics */ /* juce_gui_basics */ = {isa = PBXFileReference; lastKnownFileType = folder; name = juce_gui_basics; path = /Library/JUCE/JUCE/modules/juce_gui_basics; sourceTree = "<absolute>"; };
/* End PBXFileReference section */

/* Begin PBXFrameworksBuildPhase section */
		250A6E581964B29A07FCF9E6 = {
			isa = PBXFrameworksBuildPhase;
			buildActionMask = 2147483647;
			files = (
				E3746D290136F44F337DE468,
				AD6E7F24B1DAD8076E0E559B,
				C312D3D171DCB3E0588A2C51,
				8C1ED9BB8240DC563894833A,
				3F236715D403C985056ED15F,
				4FA975425F0EA6E59F70D041,
				B9DFFACAF30E14F378F4AC59,
				88704A84EE5B4541886C6EFB,
				4F30187C3C11E07A97B8614D,
				DB2F20AC4FD5F2E649AE87FE,
				9D204A0C6B1586C55652C4BA,
			);
			runOnlyForDeploymentPostprocessing = 0;
		};
		9F37B8E37F495E3B90ADDC1D = {
			isa = PBXFrameworksBuildPhase;
			buildActionMask = 2147483647;
			files = (
				E3746D290136F44F337DE468,
				AD6E7F24B1DAD8076E0E559B,
				C312D3D171DCB3E0588A2C51,
				8C1ED9BB8240DC563894833A,
				3F236715D403C985056ED15F,
				4FA975425F0EA6E59F70D041,
				B9DFFACAF30E14F378F4AC59,
				88704A84EE5B4541886C6EFB,
				4F30187C3C11E07A97B8614D,
				DB2F20AC4FD5F2E649AE87FE,
				9D204A0C6B1586C55652C4BA,
			);
			runOnlyForDeploymentPostprocessing = 0;
		};
		C967D8096A261551CEC9B523 = {
			isa = PBXFrameworksBuildPhase;
			buildActionMask = 2147483647;
			files = (
				C368CC7AC3BC9BDE41143604,
				E3746D290136F44F337DE468,
				AD6E7F24B1DAD8076E0E559B,
				C312D3D171DCB3E0588A2C51,
				8C1ED9BB8240DC563894833A,
				3F236715D403C985056ED15F,
				4FA975425F0EA6E59F70D041,
				B9DFFACAF30E14F378F4AC59,
				88704A84EE5B4541886C6EFB,
				4F30187C3C11E07A97B8614D,
				DB2F20AC4FD5F2E649AE87FE,
				9D204A0C6B1586C55652C4BA,
			);
			runOnlyForDeploymentPostprocessing = 0;
		};
/* End PBXFrameworksBuildPhase section */

/* Begin PBXGroup section */
		16B20E38F338949285525105 /* JUCE Library Code */ = {
			isa = PBXGroup;
			children = (
				B25CDEF13FED6B6F1E5487E4,
				54D58A3C18F02A334222FB08,
				BC628AAE26E45901004DE55B,
				032868AFCA83DD15A9FECFF2,
				94C5647EB4DEF204CEE2D7F1,
				1DC89F2EA58B58D74375816A,
				8C2691BAC8264B7954730642,
				2FF78BC2562CF04036D1CB57,
				7436DB9B8A68C3A8D410780B,
				66012E8342E5A1574BD959D3,
				0A12CCCF93C667705D88D6B8,
				80695EC2096E4D8ECD5708F4,
				C671592F8D025F3AAB39E60D,
				9A8086A4C1657641E914FC81,
				61B8296BC0E9E4325EB43538,
				9BDF70BA4CC38694B5942AED,
				7E2062D9501B69633FCED339,
				124C2587879F942F991099CF,
				DFD9CB61CFC51039E7C148E0,
				B43BF6BD3288C134B66E7A6F,
				71158EDF0D442E7576877781,
				2D698F5CC3361C1EA7965EA9,
				E53687895A3D3F49327DECA5,
			);
			name = "JUCE Library Code";
			sourceTree = "<group>";
		};
		2057A9224A9A122BC46FE6CF /* Frameworks */ = {
			isa = PBXGroup;
			children = (
				2CF2DEFA1ECE8D70E3F87D69,
				077330781BC158E3EB1A0E98,
				C03CB7995FAD658EA7C61EA7,
				0250B85B0E9D048B18BA0499,
				7D794C985DADE86FA6C65E81,
				B57526727A6ED8A9284DA1DF,
				B8552AA4EA5F01C7C88DD4DE,
				E4622A522388F4D75D210E2C,
				5F5C2B615EB37278B4C9DE4F,
				746C46ACC221EDB4F82ACCF7,
				5CC0FEBDB544BA9D63A8CDEE,
				2D1C7FF73E87E494FB3A2C31,
			);
			name = Frameworks;
			sourceTree = "<group>";
		};
		383CB65BDB79D497D64DA7F4 /* Source */ = {
			isa = PBXGroup;
			children = (
				D04286D86EC47019B8383938,
				9506A5718A0AFC011D351385,
				1E05AFF0D301EE470F4EB2B4,
				CBC8E9A998DC3E06345352F3,
				8BA8559E26AF546AA08930F2,
				496F61C9B7E3690BA4BC2ECC,
				97366C5724727762B6D6934E,
				AE28942FC028C41DB65D45E0,
				233B762F2D09885F13E86E08,
				6566758B30330C10851D8671,
			);
			name = Source;
			sourceTree = "<group>";
		};
		3BF5918D8BFFE2237BE56C0F /* Source */ = {
			isa = PBXGroup;
			children = (
				9CE9DD296791112A6EC09C71,
				49F7F6AE8C56474250943FEB,
				16B20E38F338949285525105,
				C70B412C71A1BD1B7142BDC3,
				2057A9224A9A122BC46FE6CF,
				5B12E1D59D7DE04194C475B9,
			);
			name = Source;
			sourceTree = "<group>";
		};
		49F7F6AE8C56474250943FEB /* JUCE Modules */ = {
			isa = PBXGroup;
			children = (
				34ACE5E89EB0C3B8476C565F,
				830BFC387591ACD771D3439C,
				174F82007F3CF0221EB6A83B,
				A6D98704092EC7309F6A41F5,
				9FFA87494A38E1007DA7FEDD,
				B58881C264CAB1B737D5C563,
				8859878F9B36B96ADEA0E466,
				BBEF3CC1F621A743AC1112FE,
				3774716B0B30CFCBD75DED2F,
				0B55BF867F57B66A27B58F06,
				E91BF8A13EBF788402500B4D,
				A3D010ED6FF5D75C493FA187,
			);
			name = "JUCE Modules";
			sourceTree = "<group>";
		};
		5B12E1D59D7DE04194C475B9 /* Products */ = {
			isa = PBXGroup;
			children = (
				886FCD7EB430C89578620269,
				B4BAEFE4D21E3C11A4D70B92,
				642ABA07D979CBA9BFD0B037,
				DDD23C727357E45801793039,
			);
			name = Products;
			sourceTree = "<group>";
		};
		9506A5718A0AFC011D351385 /* MIDI */ = {
			isa = PBXGroup;
			children = (
				5A40C309E1772FE91DF657E4,
				E5741370D141405F89B27E3B,
				D279B39BD01679B17978AACF,
				8652FA549526D96F24B44EA3,
				90670C26EDD0C29B7DF99DCB,
				DB3B6327BE8ACEECA9435F83,
			);
			name = MIDI;
			sourceTree = "<group>";
		};
		9CE9DD296791112A6EC09C71 /* ARA_midiout */ = {
			isa = PBXGroup;
			children = (
				383CB65BDB79D497D64DA7F4,
			);
			name = ARA_midiout;
			sourceTree = "<group>";
		};
		C70B412C71A1BD1B7142BDC3 /* Resources */ = {
			isa = PBXGroup;
			children = (
				A274672B6D87F8E1DAE10952,
				170D8E1F1B2FDB4678F1885A,
				59154274DADA5F5186206382,
				5E1CF9E3DBFEE559A420B6E8,
			);
			name = Resources;
			sourceTree = "<group>";
		};
		D04286D86EC47019B8383938 /* GUI */ = {
			isa = PBXGroup;
			children = (
				62227CD3ADD6AB9EFFB8DAD0,
				23593D0071922D835183FC3A,
				657331C749721E05855B5501,
				46EF4F3E95007D1D0E088CD9,
				6FDD18C7F7D8A99C1BE3A4FB,
				61065D86B5C62AB4C77386B9,
				285E2DBE9FEE8CE08BDA92DD,
				755108032DE12D5A42F7CEB5,
				A887E1FD451FE8D932A3E0DA,
			);
			name = GUI;
			sourceTree = "<group>";
		};
/* End PBXGroup section */

/* Begin PBXNativeTarget section */
		0439107E0A0143061DD6CEE5 /* ARA_midiout - Standalone Plugin */ = {
			isa = PBXNativeTarget;
			buildConfigurationList = 4353E6449B23956FAB3CB1FA;
			buildPhases = (
				F5D8927B19EEED2DACC7BB1B,
				63BAD9DD7665A492BF8810BC,
				9F37B8E37F495E3B90ADDC1D,
			);
			buildRules = (
			);
			dependencies = (
				3074F83C466511CB6E72D7CD,
			);
			name = "ARA_midiout - Standalone Plugin";
			productName = ARA_midiout;
			productReference = 642ABA07D979CBA9BFD0B037;
			productType = "com.apple.product-type.application";
		};
		4EC54EA3CC7E1C5CD2378FD2 /* ARA_midiout - AU */ = {
			isa = PBXNativeTarget;
			buildConfigurationList = A3B19C78E4E76AB0588422DB;
			buildPhases = (
				9164C489EE2C9AB42A2EE9C2,
				00F03BB0EE9F4BF3AE3BCBB0,
				6DC70202569A86FE0BE2A56A,
				C967D8096A261551CEC9B523,
			);
			buildRules = (
			);
			dependencies = (
				F95BFD1D7FCB143EC78CA22E,
			);
			name = "ARA_midiout - AU";
			productName = ARA_midiout;
			productReference = B4BAEFE4D21E3C11A4D70B92;
			productType = "com.apple.product-type.bundle";
		};
		A6A6665C4244114C77772755 /* ARA_midiout - Shared Code */ = {
			isa = PBXNativeTarget;
			buildConfigurationList = 83DEDC28CD2A003E0C4DAAA6;
			buildPhases = (
				3444BFABE606886D41452C56,
			);
			buildRules = (
			);
			dependencies = (
			);
			name = "ARA_midiout - Shared Code";
			productName = ARA_midiout;
			productReference = DDD23C727357E45801793039;
			productType = "com.apple.product-type.library.static";
		};
		CB74D9FDF33F199130BDDFB4 /* ARA_midiout - VST3 */ = {
			isa = PBXNativeTarget;
			buildConfigurationList = AEC92C242BF624EB0FB2A7C6;
			buildPhases = (
				5C50F3D29C33498354346BEC,
				FAC90AC1AD1299CDB771681B,
				250A6E581964B29A07FCF9E6,
			);
			buildRules = (
			);
			dependencies = (
				12E9CEC65878F0304EB8CDC0,
			);
			name = "ARA_midiout - VST3";
			productName = ARA_midiout;
			productReference = 886FCD7EB430C89578620269;
			productType = "com.apple.product-type.bundle";
		};
/* End PBXNativeTarget section */

/* Begin PBXProject section */
		B0517ACF53FE0CB06D623F50 = {
			isa = PBXProject;
			attributes = {
				LastUpgradeCheck = 1340;
				ORGANIZATIONNAME = "";
				TargetAttributes = {
					0439107E0A0143061DD6CEE5 = {
						SystemCapabilities = {
							com.apple.ApplicationGroups.iOS = {
								enabled = 0;
							};
							com.apple.HardenedRuntime = {
								enabled = 0;
							};
							com.apple.InAppPurchase = {
								enabled = 0;
							};
							com.apple.InterAppAudio = {
								enabled = 0;
							};
							com.apple.Push = {
								enabled = 0;
							};
							com.apple.Sandbox = {
								enabled = 0;
							};
						};
					};
					4EC54EA3CC7E1C5CD2378FD2 = {
						SystemCapabilities = {
							com.apple.ApplicationGroups.iOS = {
								enabled = 0;
							};
							com.apple.HardenedRuntime = {
								enabled = 0;
							};
							com.apple.InAppPurchase = {
								enabled = 0;
							};
							com.apple.InterAppAudio = {
								enabled = 0;
							};
							com.apple.Push = {
								enabled = 0;
							};
							com.apple.Sandbox = {
								enabled = 0;
							};
						};
					};
					5CAA3F99741814A9ECD18D1E = {
						SystemCapabilities = {
							com.apple.ApplicationGroups.iOS = {
								enabled = 0;
							};
							com.apple.HardenedRuntime = {
								enabled = 0;
							};
							com.apple.InAppPurchase = {
								enabled = 0;
							};
							com.apple.InterAppAudio = {
								enabled = 0;
							};
							com.apple.Push = {
								enabled = 0;
							};
							com.apple.Sandbox = {
								enabled = 0;
							};
						};
					};
					A6A6665C4244114C77772755 = {
						SystemCapabilities = {
							com.apple.ApplicationGroups.iOS = {
								enabled = 0;
							};
							com.apple.HardenedRuntime = {
								enabled = 0;
							};
							com.apple.InAppPurchase = {
								enabled = 0;
							};
							com.apple.InterAppAudio = {
								enabled = 0;
							};
							com.apple.Push = {
								enabled = 0;
							};
							com.apple.Sandbox = {
								enabled = 0;
							};
						};
					};
					CB74D9FDF33F199130BDDFB4 = {
						SystemCapabilities = {
							com.apple.ApplicationGroups.iOS = {
								enabled = 0;
							};
							com.apple.HardenedRuntime = {
								enabled = 0;
							};
							com.apple.InAppPurchase = {
								enabled = 0;
							};
							com.apple.InterAppAudio = {
								enabled = 0;
							};
							com.apple.Push = {
								enabled = 0;
							};
							com.apple.Sandbox = {
								enabled = 0;
							};
						};
					};
				};
			};
			buildConfigurationList = 6A0B3A52E625BBBE6415FA02;
			compatibilityVersion = "Xcode 3.2";
			hasScannedForEncodings = 0;
			knownRegions = (
				en,
				Base,
			);
			mainGroup = 3BF5918D8BFFE2237BE56C0F;
			projectDirPath = "";
			projectRoot = "";
			targets = (
				5CAA3F99741814A9ECD18D1E,
				CB74D9FDF33F199130BDDFB4,
				4EC54EA3CC7E1C5CD2378FD2,
				0439107E0A0143061DD6CEE5,
				A6A6665C4244114C77772755,
			);
		};
/* End PBXProject section */

/* Begin PBXResourcesBuildPhase section */
		5C50F3D29C33498354346BEC = {
			isa = PBXResourcesBuildPhase;
			buildActionMask = 2147483647;
			files = (
				C02BB41385FFE8B2FC6E7995,
			);
			runOnlyForDeploymentPostprocessing = 0;
		};
		9164C489EE2C9AB42A2EE9C2 = {
			isa = PBXResourcesBuildPhase;
			buildActionMask = 2147483647;
			files = (
				C02BB41385FFE8B2FC6E7995,
			);
			runOnlyForDeploymentPostprocessing = 0;
		};
		F5D8927B19EEED2DACC7BB1B = {
			isa = PBXResourcesBuildPhase;
			buildActionMask = 2147483647;
			files = (
				C02BB41385FFE8B2FC6E7995,
			);
			runOnlyForDeploymentPostprocessing = 0;
		};
/* End PBXResourcesBuildPhase section */

/* Begin PBXRezBuildPhase section */
		00F03BB0EE9F4BF3AE3BCBB0 = {
			isa = PBXRezBuildPhase;
			buildActionMask = 2147483647;
			files = (
				F3C13656AD2B2C8305EE1048,
			);
			runOnlyForDeploymentPostprocessing = 0;
		};
/* End PBXRezBuildPhase section */

/* Begin PBXSourcesBuildPhase section */
		3444BFABE606886D41452C56 = {
			isa = PBXSourcesBuildPhase;
			buildActionMask = 2147483647;
			files = (
				64F61442A1FCD42EFB99C395,
				95E914892E443C31C929037E,
				0E9A62D54BB541612DB521FD,
				D559CF8CB1E6EFC77F8BB2C4,
				FE373E3D603C8F6E9E3E2793,
				E3E81E6859B7CD997F85D5FD,
				A73E23C275C2ED1A27C54DFF,
				4DDA03731C2E7F461D7F1C9A,
				2A18A2133E2C96016266B6DF,
				6EB9A3300929AD105C3BA268,
				C3BC99EAB16EA5B927E55894,
				43B2200E587E7CED9FDFB163,
				3E7B280D2946F5FF05487A7A,
				5349CE74518794FAB8E85B28,
				026A7039B610D5738DFE2BA5,
				813F484248056146831D7AC2,
				DCE8B80D8FDF9C394A380A15,
				440D3BC12CCF8A29AE7A57D6,
				FC5DB9C9B8DF9C0791B9B878,
				ABE1ED36EF520CB16D21E9E6,
				9468573AA44CD95CDBD9C992,
				C76ED88DCC3389F9F532F96C,
				94D90E2842C5F8A594F0154F,
				27A95E73EAF9CFABF70F1714,
				920413197C6927E71E2740B2,
				4633D8E14C6BBB9E87F1A697,
			);
			runOnlyForDeploymentPostprocessing = 0;
		};
		63BAD9DD7665A492BF8810BC = {
			isa = PBXSourcesBuildPhase;
			buildActionMask = 2147483647;
			files = (
				19A6553BAAFAD4FFCC28ACF2,
			);
			runOnlyForDeploymentPostprocessing = 0;
		};
		6DC70202569A86FE0BE2A56A = {
			isa = PBXSourcesBuildPhase;
			buildActionMask = 2147483647;
			files = (
				03BF7D5A60175888A87A4D54,
				B4319D4E42B3AD9E9AFC7396,
			);
			runOnlyForDeploymentPostprocessing = 0;
		};
		FAC90AC1AD1299CDB771681B = {
			isa = PBXSourcesBuildPhase;
			buildActionMask = 2147483647;
			files = (
				E5266BEC54F33FBA74D389B6,
			);
			runOnlyForDeploymentPostprocessing = 0;
		};
/* End PBXSourcesBuildPhase section */

/* Begin PBXTargetDependency section */
		12E9CEC65878F0304EB8CDC0 = {
			isa = PBXTargetDependency;
			target = A6A6665C4244114C77772755;
		};
		3074F83C466511CB6E72D7CD = {
			isa = PBXTargetDependency;
			target = A6A6665C4244114C77772755;
		};
		7440AF823B4AA52E9A94F347 = {
			isa = PBXTargetDependency;
			target = 0439107E0A0143061DD6CEE5;
		};
		947EFF042AA5F17CBD02C51E = {
			isa = PBXTargetDependency;
			target = 4EC54EA3CC7E1C5CD2378FD2;
		};
		B7EFB178956948EFD53423AC = {
			isa = PBXTargetDependency;
			target = CB74D9FDF33F199130BDDFB4;
		};
		DF04EC5FC69AF6417F022BFF = {
			isa = PBXTargetDependency;
			target = A6A6665C4244114C77772755;
		};
		F95BFD1D7FCB143EC78CA22E = {
			isa = PBXTargetDependency;
			target = A6A6665C4244114C77772755;
		};
/* End PBXTargetDependency section */

/* Begin XCBuildConfiguration section */
		18EC6FCF21617964A3C39DA5 /* Release */ = {
			isa = XCBuildConfiguration;
			buildSettings = {
				CLANG_CXX_LANGUAGE_STANDARD = "c++14";
				CLANG_CXX_LIBRARY = "libc++";
				CLANG_LINK_OBJC_RUNTIME = NO;
				CODE_SIGN_IDENTITY = "";
				COMBINE_HIDPI_IMAGES = YES;
				CONFIGURATION_BUILD_DIR = "$(PROJECT_DIR)/build/$(CONFIGURATION)";
				DEAD_CODE_STRIPPING = YES;
				EXCLUDED_ARCHS = "";
				GCC_GENERATE_DEBUGGING_SYMBOLS = NO;
				GCC_OPTIMIZATION_LEVEL = 3;
				GCC_PREPROCESSOR_DEFINITIONS = (
					"_NDEBUG=1",
					"NDEBUG=1",
					"JUCE_DISPLAY_SPLASH_SCREEN=1",
					"JUCE_USE_DARK_SPLASH_SCREEN=1",
					"JUCE_PROJUCER_VERSION=0x70002",
					"JUCE_MODULE_AVAILABLE_juce_audio_basics=1",
					"JUCE_MODULE_AVAILABLE_juce_audio_devices=1",
					"JUCE_MODULE_AVAILABLE_juce_audio_formats=1",
					"JUCE_MODULE_AVAILABLE_juce_audio_plugin_client=1",
					"JUCE_MODULE_AVAILABLE_juce_audio_processors=1",
					"JUCE_MODULE_AVAILABLE_juce_audio_utils=1",
					"JUCE_MODULE_AVAILABLE_juce_core=1",
					"JUCE_MODULE_AVAILABLE_juce_data_structures=1",
					"JUCE_MODULE_AVAILABLE_juce_events=1",
					"JUCE_MODULE_AVAILABLE_juce_graphics=1",
					"JUCE_MODULE_AVAILABLE_juce_gui_basics=1",
					"JUCE_MODULE_AVAILABLE_juce_gui_extra=1",
					"JUCE_GLOBAL_MODULE_SETTINGS_INCLUDED=1",
					"JUCE_VST3_CAN_REPLACE_VST2=0",
					"JUCE_STRICT_REFCOUNTEDPOINTER=1",
					"JucePlugin_Build_VST=0",
					"JucePlugin_Build_VST3=0",
					"JucePlugin_Build_AU=0",
					"JucePlugin_Build_AUv3=0",
					"JucePlugin_Build_AAX=0",
					"JucePlugin_Build_Standalone=1",
					"JucePlugin_Build_Unity=0",
					"JucePlugin_Build_LV2=0",
					"JucePlugin_Enable_IAA=0",
					"JucePlugin_Enable_ARA=1",
					"JucePlugin_Name=\\\"ARA_midiout\\\"",
					"JucePlugin_Desc=\\\"ARA_midiout\\\"",
					"JucePlugin_Manufacturer=\\\"yourcompany\\\"",
					"JucePlugin_ManufacturerWebsite=\\\"www.sanandreas.no\\\"",
					"JucePlugin_ManufacturerEmail=\\\"\\\"",
					"JucePlugin_ManufacturerCode=0x4d616e75",
					"JucePlugin_PluginCode=0x45616272",
					"JucePlugin_IsSynth=0",
					"JucePlugin_WantsMidiInput=0",
					"JucePlugin_ProducesMidiOutput=1",
					"JucePlugin_IsMidiEffect=0",
					"JucePlugin_EditorRequiresKeyboardFocus=0",
					"JucePlugin_Version=1.0.0",
					"JucePlugin_VersionCode=0x10000",
					"JucePlugin_VersionString=\\\"1.0.0\\\"",
					"JucePlugin_VSTUniqueID=JucePlugin_PluginCode",
					"JucePlugin_VSTCategory=kPlugCategEffect",
					"JucePlugin_Vst3Category=\\\"Fx\\\"",
					"JucePlugin_AUMainType=\\'aufx\\'",
					"JucePlugin_AUSubType=JucePlugin_PluginCode",
					"JucePlugin_AUExportPrefix=ARA_midioutAU",
					"JucePlugin_AUExportPrefixQuoted=\\\"ARA_midioutAU\\\"",
					"JucePlugin_AUManufacturerCode=JucePlugin_ManufacturerCode",
					"JucePlugin_CFBundleIdentifier=com.yourcompany.ARA_midiout",
					"JucePlugin_AAXIdentifier=com.yourcompany.ARA_midiout",
					"JucePlugin_AAXManufacturerCode=JucePlugin_ManufacturerCode",
					"JucePlugin_AAXProductId=JucePlugin_PluginCode",
					"JucePlugin_AAXCategory=0",
					"JucePlugin_AAXDisableBypass=0",
					"JucePlugin_AAXDisableMultiMono=0",
					"JucePlugin_IAAType=0x61757278",
					"JucePlugin_IAASubType=JucePlugin_PluginCode",
					"JucePlugin_IAAName=\\\"yourcompany:\\ ARA_midiout\\\"",
					"JucePlugin_VSTNumMidiInputs=16",
					"JucePlugin_VSTNumMidiOutputs=16",
					"JucePlugin_ARAContentTypes=0",
					"JucePlugin_ARATransformationFlags=0",
					"JucePlugin_ARAFactoryID=\\\"com.yourcompany.ARA_midiout.factory\\\"",
					"JucePlugin_ARADocumentArchiveID=\\\"com.yourcompany.ARA_midiout.aradocumentarchive.1.0.0\\\"",
					"JucePlugin_ARACompatibleArchiveIDs=\\\"\\\"",
					"JUCE_STANDALONE_APPLICATION=JucePlugin_Build_Standalone",
					"JUCER_XCODE_MAC_F6D2F4CF=1",
					"JUCE_APP_VERSION=1.0.0",
					"JUCE_APP_VERSION_HEX=0x10000",
				);
				GCC_VERSION = com.apple.compilers.llvm.clang.1_0;
				HEADER_SEARCH_PATHS = (
					"/Library/JUCE/JUCE/modules/juce_audio_processors/format_types/VST3_SDK",
					"$(SRCROOT)/../../JuceLibraryCode",
					"$(HOME)/SDKs/ARA_SDK",
					"/Library/JUCE/JUCE/modules",
					"/Library/JUCE/JUCE/modules/juce_audio_plugin_client",
					"$(inherited)",
				);
				INFOPLIST_FILE = Info-Standalone_Plugin.plist;
				INFOPLIST_PREPROCESS = NO;
				LLVM_LTO = YES;
				MACOSX_DEPLOYMENT_TARGET = 10.11;
				MTL_HEADER_SEARCH_PATHS = "/Library/JUCE/JUCE/modules/juce_audio_processors/format_types/VST3_SDK $(SRCROOT)/../../JuceLibraryCode $(HOME)/SDKs/ARA_SDK /Library/JUCE/JUCE/modules /Library/JUCE/JUCE/modules/juce_audio_plugin_client";
				OTHER_LDFLAGS = "-lARA_midiout -weak_framework Metal -weak_framework MetalKit";
				PRODUCT_BUNDLE_IDENTIFIER = com.yourcompany.ARA_midiout;
				PRODUCT_NAME = "ARA_midiout";
				USE_HEADERMAP = NO;
				VALID_ARCHS = "i386 x86_64 arm64 arm64e";
			};
			name = Release;
		};
		39EA89AD8A537AE9BF18EC0B /* Debug */ = {
			isa = XCBuildConfiguration;
			buildSettings = {
				CLANG_CXX_LANGUAGE_STANDARD = "c++14";
				CLANG_CXX_LIBRARY = "libc++";
				CLANG_LINK_OBJC_RUNTIME = NO;
				CODE_SIGN_IDENTITY = "";
				COMBINE_HIDPI_IMAGES = YES;
				CONFIGURATION_BUILD_DIR = "$(PROJECT_DIR)/build/$(CONFIGURATION)";
				COPY_PHASE_STRIP = NO;
				DEPLOYMENT_LOCATION = YES;
				DSTROOT = /;
				EXCLUDED_ARCHS = "";
				GCC_DYNAMIC_NO_PIC = NO;
				GCC_OPTIMIZATION_LEVEL = 0;
				GCC_PREPROCESSOR_DEFINITIONS = (
					"_DEBUG=1",
					"DEBUG=1",
					"JUCE_DISPLAY_SPLASH_SCREEN=1",
					"JUCE_USE_DARK_SPLASH_SCREEN=1",
					"JUCE_PROJUCER_VERSION=0x70002",
					"JUCE_MODULE_AVAILABLE_juce_audio_basics=1",
					"JUCE_MODULE_AVAILABLE_juce_audio_devices=1",
					"JUCE_MODULE_AVAILABLE_juce_audio_formats=1",
					"JUCE_MODULE_AVAILABLE_juce_audio_plugin_client=1",
					"JUCE_MODULE_AVAILABLE_juce_audio_processors=1",
					"JUCE_MODULE_AVAILABLE_juce_audio_utils=1",
					"JUCE_MODULE_AVAILABLE_juce_core=1",
					"JUCE_MODULE_AVAILABLE_juce_data_structures=1",
					"JUCE_MODULE_AVAILABLE_juce_events=1",
					"JUCE_MODULE_AVAILABLE_juce_graphics=1",
					"JUCE_MODULE_AVAILABLE_juce_gui_basics=1",
					"JUCE_MODULE_AVAILABLE_juce_gui_extra=1",
					"JUCE_GLOBAL_MODULE_SETTINGS_INCLUDED=1",
					"JUCE_VST3_CAN_REPLACE_VST2=0",
					"JUCE_STRICT_REFCOUNTEDPOINTER=1",
					"JucePlugin_Build_VST=0",
					"JucePlugin_Build_VST3=1",
					"JucePlugin_Build_AU=0",
					"JucePlugin_Build_AUv3=0",
					"JucePlugin_Build_AAX=0",
					"JucePlugin_Build_Standalone=0",
					"JucePlugin_Build_Unity=0",
					"JucePlugin_Build_LV2=0",
					"JucePlugin_Enable_IAA=0",
					"JucePlugin_Enable_ARA=1",
					"JucePlugin_Name=\\\"ARA_midiout\\\"",
					"JucePlugin_Desc=\\\"ARA_midiout\\\"",
					"JucePlugin_Manufacturer=\\\"yourcompany\\\"",
					"JucePlugin_ManufacturerWebsite=\\\"www.sanandreas.no\\\"",
					"JucePlugin_ManufacturerEmail=\\\"\\\"",
					"JucePlugin_ManufacturerCode=0x4d616e75",
					"JucePlugin_PluginCode=0x45616272",
					"JucePlugin_IsSynth=0",
					"JucePlugin_WantsMidiInput=0",
					"JucePlugin_ProducesMidiOutput=1",
					"JucePlugin_IsMidiEffect=0",
					"JucePlugin_EditorRequiresKeyboardFocus=0",
					"JucePlugin_Version=1.0.0",
					"JucePlugin_VersionCode=0x10000",
					"JucePlugin_VersionString=\\\"1.0.0\\\"",
					"JucePlugin_VSTUniqueID=JucePlugin_PluginCode",
					"JucePlugin_VSTCategory=kPlugCategEffect",
					"JucePlugin_Vst3Category=\\\"Fx\\\"",
					"JucePlugin_AUMainType=\\'aufx\\'",
					"JucePlugin_AUSubType=JucePlugin_PluginCode",
					"JucePlugin_AUExportPrefix=ARA_midioutAU",
					"JucePlugin_AUExportPrefixQuoted=\\\"ARA_midioutAU\\\"",
					"JucePlugin_AUManufacturerCode=JucePlugin_ManufacturerCode",
					"JucePlugin_CFBundleIdentifier=com.yourcompany.ARA_midiout",
					"JucePlugin_AAXIdentifier=com.yourcompany.ARA_midiout",
					"JucePlugin_AAXManufacturerCode=JucePlugin_ManufacturerCode",
					"JucePlugin_AAXProductId=JucePlugin_PluginCode",
					"JucePlugin_AAXCategory=0",
					"JucePlugin_AAXDisableBypass=0",
					"JucePlugin_AAXDisableMultiMono=0",
					"JucePlugin_IAAType=0x61757278",
					"JucePlugin_IAASubType=JucePlugin_PluginCode",
					"JucePlugin_IAAName=\\\"yourcompany:\\ ARA_midiout\\\"",
					"JucePlugin_VSTNumMidiInputs=16",
					"JucePlugin_VSTNumMidiOutputs=16",
					"JucePlugin_ARAContentTypes=0",
					"JucePlugin_ARATransformationFlags=0",
					"JucePlugin_ARAFactoryID=\\\"com.yourcompany.ARA_midiout.factory\\\"",
					"JucePlugin_ARADocumentArchiveID=\\\"com.yourcompany.ARA_midiout.aradocumentarchive.1.0.0\\\"",
					"JucePlugin_ARACompatibleArchiveIDs=\\\"\\\"",
					"JUCE_STANDALONE_APPLICATION=JucePlugin_Build_Standalone",
					"JUCER_XCODE_MAC_F6D2F4CF=1",
					"JUCE_APP_VERSION=1.0.0",
					"JUCE_APP_VERSION_HEX=0x10000",
				);
				GCC_VERSION = com.apple.compilers.llvm.clang.1_0;
				GENERATE_PKGINFO_FILE = YES;
				HEADER_SEARCH_PATHS = (
					"/Library/JUCE/JUCE/modules/juce_audio_processors/format_types/VST3_SDK",
					"$(SRCROOT)/../../JuceLibraryCode",
					"$(HOME)/SDKs/ARA_SDK",
					"/Library/JUCE/JUCE/modules",
					"/Library/JUCE/JUCE/modules/juce_audio_plugin_client",
					"$(inherited)",
				);
				INFOPLIST_FILE = Info-VST3.plist;
				INFOPLIST_PREPROCESS = NO;
				INSTALL_PATH = "$(HOME)/Library/Audio/Plug-Ins/VST3/";
				LIBRARY_STYLE = Bundle;
				MACOSX_DEPLOYMENT_TARGET = 10.11;
				MTL_HEADER_SEARCH_PATHS = "/Library/JUCE/JUCE/modules/juce_audio_processors/format_types/VST3_SDK $(SRCROOT)/../../JuceLibraryCode $(HOME)/SDKs/ARA_SDK /Library/JUCE/JUCE/modules /Library/JUCE/JUCE/modules/juce_audio_plugin_client";
				OTHER_LDFLAGS = "-bundle -lARA_midiout -weak_framework Metal -weak_framework MetalKit";
				PRODUCT_BUNDLE_IDENTIFIER = com.yourcompany.ARA_midiout;
				PRODUCT_NAME = "ARA_midiout";
				USE_HEADERMAP = NO;
				VALID_ARCHS = "i386 x86_64 arm64 arm64e";
				WRAPPER_EXTENSION = vst3;
			};
			name = Debug;
		};
		3DE08B04170DA3D95BC855B3 /* Debug */ = {
			isa = XCBuildConfiguration;
			buildSettings = {
				ALWAYS_SEARCH_USER_PATHS = NO;
				CLANG_ENABLE_OBJC_WEAK = YES;
				CLANG_WARN_BLOCK_CAPTURE_AUTORELEASING = YES;
				CLANG_WARN_BOOL_CONVERSION = YES;
				CLANG_WARN_COMMA = YES;
				CLANG_WARN_CONSTANT_CONVERSION = YES;
				CLANG_WARN_DEPRECATED_OBJC_IMPLEMENTATIONS = YES;
				CLANG_WARN_EMPTY_BODY = YES;
				CLANG_WARN_ENUM_CONVERSION = YES;
				CLANG_WARN_INFINITE_RECURSION = YES;
				CLANG_WARN_INT_CONVERSION = YES;
				CLANG_WARN_NON_LITERAL_NULL_CONVERSION = YES;
				CLANG_WARN_OBJC_IMPLICIT_RETAIN_SELF = YES;
				CLANG_WARN_OBJC_LITERAL_CONVERSION = YES;
				CLANG_WARN_RANGE_LOOP_ANALYSIS = YES;
				CLANG_WARN_STRICT_PROTOTYPES = YES;
				CLANG_WARN_SUSPICIOUS_MOVE = YES;
				CLANG_WARN_UNREACHABLE_CODE = YES;
				CLANG_WARN__DUPLICATE_METHOD_MATCH = YES;
				CODE_SIGN_IDENTITY = "";
				DEBUG_INFORMATION_FORMAT = dwarf;
				ENABLE_STRICT_OBJC_MSGSEND = YES;
				ENABLE_TESTABILITY = NO;
				GCC_C_LANGUAGE_STANDARD = c11;
				GCC_INLINES_ARE_PRIVATE_EXTERN = YES;
				GCC_MODEL_TUNING = G5;
				GCC_NO_COMMON_BLOCKS = YES;
				GCC_SYMBOLS_PRIVATE_EXTERN = YES;
				GCC_WARN_64_TO_32_BIT_CONVERSION = YES;
				GCC_WARN_ABOUT_RETURN_TYPE = YES;
				GCC_WARN_CHECK_SWITCH_STATEMENTS = YES;
				GCC_WARN_MISSING_PARENTHESES = YES;
				GCC_WARN_NON_VIRTUAL_DESTRUCTOR = YES;
				GCC_WARN_TYPECHECK_CALLS_TO_PRINTF = YES;
				GCC_WARN_UNDECLARED_SELECTOR = YES;
				GCC_WARN_UNINITIALIZED_AUTOS = YES;
				GCC_WARN_UNUSED_FUNCTION = YES;
				GCC_WARN_UNUSED_VARIABLE = YES;
				ONLY_ACTIVE_ARCH = YES;
				PRODUCT_NAME = "ARA_midiout";
				SDKROOT = macosx;
				WARNING_CFLAGS = "-Wreorder";
				ZERO_LINK = NO;
			};
			name = Debug;
		};
		5FFE63BF6878AFF5735BF400 /* Debug */ = {
			isa = XCBuildConfiguration;
			buildSettings = {
				MACOSX_DEPLOYMENT_TARGET = 10.11;
				SDKROOT = macosx;
			};
			name = Debug;
		};
		6097E3053F5F7A7FFD8213C2 /* Release */ = {
			isa = XCBuildConfiguration;
			buildSettings = {
				CLANG_CXX_LANGUAGE_STANDARD = "c++14";
				CLANG_CXX_LIBRARY = "libc++";
				CLANG_LINK_OBJC_RUNTIME = NO;
				CODE_SIGN_IDENTITY = "";
				COMBINE_HIDPI_IMAGES = YES;
				CONFIGURATION_BUILD_DIR = "$(PROJECT_DIR)/build/$(CONFIGURATION)";
				DEAD_CODE_STRIPPING = YES;
				DEPLOYMENT_LOCATION = YES;
				DSTROOT = /;
				EXCLUDED_ARCHS = "";
				GCC_GENERATE_DEBUGGING_SYMBOLS = NO;
				GCC_OPTIMIZATION_LEVEL = 3;
				GCC_PREPROCESSOR_DEFINITIONS = (
					"_NDEBUG=1",
					"NDEBUG=1",
					"JUCE_DISPLAY_SPLASH_SCREEN=1",
					"JUCE_USE_DARK_SPLASH_SCREEN=1",
					"JUCE_PROJUCER_VERSION=0x70002",
					"JUCE_MODULE_AVAILABLE_juce_audio_basics=1",
					"JUCE_MODULE_AVAILABLE_juce_audio_devices=1",
					"JUCE_MODULE_AVAILABLE_juce_audio_formats=1",
					"JUCE_MODULE_AVAILABLE_juce_audio_plugin_client=1",
					"JUCE_MODULE_AVAILABLE_juce_audio_processors=1",
					"JUCE_MODULE_AVAILABLE_juce_audio_utils=1",
					"JUCE_MODULE_AVAILABLE_juce_core=1",
					"JUCE_MODULE_AVAILABLE_juce_data_structures=1",
					"JUCE_MODULE_AVAILABLE_juce_events=1",
					"JUCE_MODULE_AVAILABLE_juce_graphics=1",
					"JUCE_MODULE_AVAILABLE_juce_gui_basics=1",
					"JUCE_MODULE_AVAILABLE_juce_gui_extra=1",
					"JUCE_GLOBAL_MODULE_SETTINGS_INCLUDED=1",
					"JUCE_VST3_CAN_REPLACE_VST2=0",
					"JUCE_STRICT_REFCOUNTEDPOINTER=1",
					"JucePlugin_Build_VST=0",
					"JucePlugin_Build_VST3=1",
					"JucePlugin_Build_AU=0",
					"JucePlugin_Build_AUv3=0",
					"JucePlugin_Build_AAX=0",
					"JucePlugin_Build_Standalone=0",
					"JucePlugin_Build_Unity=0",
					"JucePlugin_Build_LV2=0",
					"JucePlugin_Enable_IAA=0",
					"JucePlugin_Enable_ARA=1",
					"JucePlugin_Name=\\\"ARA_midiout\\\"",
					"JucePlugin_Desc=\\\"ARA_midiout\\\"",
					"JucePlugin_Manufacturer=\\\"yourcompany\\\"",
					"JucePlugin_ManufacturerWebsite=\\\"www.sanandreas.no\\\"",
					"JucePlugin_ManufacturerEmail=\\\"\\\"",
					"JucePlugin_ManufacturerCode=0x4d616e75",
					"JucePlugin_PluginCode=0x45616272",
					"JucePlugin_IsSynth=0",
					"JucePlugin_WantsMidiInput=0",
					"JucePlugin_ProducesMidiOutput=1",
					"JucePlugin_IsMidiEffect=0",
					"JucePlugin_EditorRequiresKeyboardFocus=0",
					"JucePlugin_Version=1.0.0",
					"JucePlugin_VersionCode=0x10000",
					"JucePlugin_VersionString=\\\"1.0.0\\\"",
					"JucePlugin_VSTUniqueID=JucePlugin_PluginCode",
					"JucePlugin_VSTCategory=kPlugCategEffect",
					"JucePlugin_Vst3Category=\\\"Fx\\\"",
					"JucePlugin_AUMainType=\\'aufx\\'",
					"JucePlugin_AUSubType=JucePlugin_PluginCode",
					"JucePlugin_AUExportPrefix=ARA_midioutAU",
					"JucePlugin_AUExportPrefixQuoted=\\\"ARA_midioutAU\\\"",
					"JucePlugin_AUManufacturerCode=JucePlugin_ManufacturerCode",
					"JucePlugin_CFBundleIdentifier=com.yourcompany.ARA_midiout",
					"JucePlugin_AAXIdentifier=com.yourcompany.ARA_midiout",
					"JucePlugin_AAXManufacturerCode=JucePlugin_ManufacturerCode",
					"JucePlugin_AAXProductId=JucePlugin_PluginCode",
					"JucePlugin_AAXCategory=0",
					"JucePlugin_AAXDisableBypass=0",
					"JucePlugin_AAXDisableMultiMono=0",
					"JucePlugin_IAAType=0x61757278",
					"JucePlugin_IAASubType=JucePlugin_PluginCode",
					"JucePlugin_IAAName=\\\"yourcompany:\\ ARA_midiout\\\"",
					"JucePlugin_VSTNumMidiInputs=16",
					"JucePlugin_VSTNumMidiOutputs=16",
					"JucePlugin_ARAContentTypes=0",
					"JucePlugin_ARATransformationFlags=0",
					"JucePlugin_ARAFactoryID=\\\"com.yourcompany.ARA_midiout.factory\\\"",
					"JucePlugin_ARADocumentArchiveID=\\\"com.yourcompany.ARA_midiout.aradocumentarchive.1.0.0\\\"",
					"JucePlugin_ARACompatibleArchiveIDs=\\\"\\\"",
					"JUCE_STANDALONE_APPLICATION=JucePlugin_Build_Standalone",
					"JUCER_XCODE_MAC_F6D2F4CF=1",
					"JUCE_APP_VERSION=1.0.0",
					"JUCE_APP_VERSION_HEX=0x10000",
				);
				GCC_VERSION = com.apple.compilers.llvm.clang.1_0;
				GENERATE_PKGINFO_FILE = YES;
				HEADER_SEARCH_PATHS = (
					"/Library/JUCE/JUCE/modules/juce_audio_processors/format_types/VST3_SDK",
					"$(SRCROOT)/../../JuceLibraryCode",
					"$(HOME)/SDKs/ARA_SDK",
					"/Library/JUCE/JUCE/modules",
					"/Library/JUCE/JUCE/modules/juce_audio_plugin_client",
					"$(inherited)",
				);
				INFOPLIST_FILE = Info-VST3.plist;
				INFOPLIST_PREPROCESS = NO;
				INSTALL_PATH = "$(HOME)/Library/Audio/Plug-Ins/VST3/";
				LIBRARY_STYLE = Bundle;
				LLVM_LTO = YES;
				MACOSX_DEPLOYMENT_TARGET = 10.11;
				MTL_HEADER_SEARCH_PATHS = "/Library/JUCE/JUCE/modules/juce_audio_processors/format_types/VST3_SDK $(SRCROOT)/../../JuceLibraryCode $(HOME)/SDKs/ARA_SDK /Library/JUCE/JUCE/modules /Library/JUCE/JUCE/modules/juce_audio_plugin_client";
				OTHER_LDFLAGS = "-bundle -lARA_midiout -weak_framework Metal -weak_framework MetalKit";
				PRODUCT_BUNDLE_IDENTIFIER = com.yourcompany.ARA_midiout;
				PRODUCT_NAME = "ARA_midiout";
				USE_HEADERMAP = NO;
				VALID_ARCHS = "i386 x86_64 arm64 arm64e";
				WRAPPER_EXTENSION = vst3;
			};
			name = Release;
		};
		676AD054D36DCE4E414965E6 /* Debug */ = {
			isa = XCBuildConfiguration;
			buildSettings = {
				CLANG_CXX_LANGUAGE_STANDARD = "c++14";
				CLANG_CXX_LIBRARY = "libc++";
				CLANG_LINK_OBJC_RUNTIME = NO;
				CODE_SIGN_IDENTITY = "";
				COMBINE_HIDPI_IMAGES = YES;
				CONFIGURATION_BUILD_DIR = "$(PROJECT_DIR)/build/$(CONFIGURATION)";
				COPY_PHASE_STRIP = NO;
				EXCLUDED_ARCHS = "";
				GCC_DYNAMIC_NO_PIC = NO;
				GCC_OPTIMIZATION_LEVEL = 0;
				GCC_PREPROCESSOR_DEFINITIONS = (
					"_DEBUG=1",
					"DEBUG=1",
					"JUCE_DISPLAY_SPLASH_SCREEN=1",
					"JUCE_USE_DARK_SPLASH_SCREEN=1",
					"JUCE_PROJUCER_VERSION=0x70002",
					"JUCE_MODULE_AVAILABLE_juce_audio_basics=1",
					"JUCE_MODULE_AVAILABLE_juce_audio_devices=1",
					"JUCE_MODULE_AVAILABLE_juce_audio_formats=1",
					"JUCE_MODULE_AVAILABLE_juce_audio_plugin_client=1",
					"JUCE_MODULE_AVAILABLE_juce_audio_processors=1",
					"JUCE_MODULE_AVAILABLE_juce_audio_utils=1",
					"JUCE_MODULE_AVAILABLE_juce_core=1",
					"JUCE_MODULE_AVAILABLE_juce_data_structures=1",
					"JUCE_MODULE_AVAILABLE_juce_events=1",
					"JUCE_MODULE_AVAILABLE_juce_graphics=1",
					"JUCE_MODULE_AVAILABLE_juce_gui_basics=1",
					"JUCE_MODULE_AVAILABLE_juce_gui_extra=1",
					"JUCE_GLOBAL_MODULE_SETTINGS_INCLUDED=1",
					"JUCE_VST3_CAN_REPLACE_VST2=0",
					"JUCE_STRICT_REFCOUNTEDPOINTER=1",
					"JucePlugin_Build_VST=0",
					"JucePlugin_Build_VST3=1",
					"JucePlugin_Build_AU=1",
					"JucePlugin_Build_AUv3=0",
					"JucePlugin_Build_AAX=0",
					"JucePlugin_Build_Standalone=1",
					"JucePlugin_Build_Unity=0",
					"JucePlugin_Build_LV2=0",
					"JucePlugin_Enable_IAA=0",
					"JucePlugin_Enable_ARA=1",
					"JucePlugin_Name=\\\"ARA_midiout\\\"",
					"JucePlugin_Desc=\\\"ARA_midiout\\\"",
					"JucePlugin_Manufacturer=\\\"yourcompany\\\"",
					"JucePlugin_ManufacturerWebsite=\\\"www.sanandreas.no\\\"",
					"JucePlugin_ManufacturerEmail=\\\"\\\"",
					"JucePlugin_ManufacturerCode=0x4d616e75",
					"JucePlugin_PluginCode=0x45616272",
					"JucePlugin_IsSynth=0",
					"JucePlugin_WantsMidiInput=0",
					"JucePlugin_ProducesMidiOutput=1",
					"JucePlugin_IsMidiEffect=0",
					"JucePlugin_EditorRequiresKeyboardFocus=0",
					"JucePlugin_Version=1.0.0",
					"JucePlugin_VersionCode=0x10000",
					"JucePlugin_VersionString=\\\"1.0.0\\\"",
					"JucePlugin_VSTUniqueID=JucePlugin_PluginCode",
					"JucePlugin_VSTCategory=kPlugCategEffect",
					"JucePlugin_Vst3Category=\\\"Fx\\\"",
					"JucePlugin_AUMainType=\\'aufx\\'",
					"JucePlugin_AUSubType=JucePlugin_PluginCode",
					"JucePlugin_AUExportPrefix=ARA_midioutAU",
					"JucePlugin_AUExportPrefixQuoted=\\\"ARA_midioutAU\\\"",
					"JucePlugin_AUManufacturerCode=JucePlugin_ManufacturerCode",
					"JucePlugin_CFBundleIdentifier=com.yourcompany.ARA_midiout",
					"JucePlugin_AAXIdentifier=com.yourcompany.ARA_midiout",
					"JucePlugin_AAXManufacturerCode=JucePlugin_ManufacturerCode",
					"JucePlugin_AAXProductId=JucePlugin_PluginCode",
					"JucePlugin_AAXCategory=0",
					"JucePlugin_AAXDisableBypass=0",
					"JucePlugin_AAXDisableMultiMono=0",
					"JucePlugin_IAAType=0x61757278",
					"JucePlugin_IAASubType=JucePlugin_PluginCode",
					"JucePlugin_IAAName=\\\"yourcompany:\\ ARA_midiout\\\"",
					"JucePlugin_VSTNumMidiInputs=16",
					"JucePlugin_VSTNumMidiOutputs=16",
					"JucePlugin_ARAContentTypes=0",
					"JucePlugin_ARATransformationFlags=0",
					"JucePlugin_ARAFactoryID=\\\"com.yourcompany.ARA_midiout.factory\\\"",
					"JucePlugin_ARADocumentArchiveID=\\\"com.yourcompany.ARA_midiout.aradocumentarchive.1.0.0\\\"",
					"JucePlugin_ARACompatibleArchiveIDs=\\\"\\\"",
					"JUCE_STANDALONE_APPLICATION=JucePlugin_Build_Standalone",
					"JUCER_XCODE_MAC_F6D2F4CF=1",
					"JUCE_APP_VERSION=1.0.0",
					"JUCE_APP_VERSION_HEX=0x10000",
					"JUCE_SHARED_CODE=1",
				);
				GCC_VERSION = com.apple.compilers.llvm.clang.1_0;
				HEADER_SEARCH_PATHS = (
					"/Library/JUCE/JUCE/modules/juce_audio_processors/format_types/VST3_SDK",
					"$(SRCROOT)/../../JuceLibraryCode",
					"$(HOME)/SDKs/ARA_SDK",
					"/Library/JUCE/JUCE/modules",
					"/Library/JUCE/JUCE/modules/juce_audio_plugin_client",
					"$(inherited)",
				);
				INSTALL_PATH = "@executable_path/../Frameworks";
				MACOSX_DEPLOYMENT_TARGET = 10.11;
				MTL_HEADER_SEARCH_PATHS = "/Library/JUCE/JUCE/modules/juce_audio_processors/format_types/VST3_SDK $(SRCROOT)/../../JuceLibraryCode $(HOME)/SDKs/ARA_SDK /Library/JUCE/JUCE/modules /Library/JUCE/JUCE/modules/juce_audio_plugin_client";
				OTHER_LDFLAGS = "-weak_framework Metal -weak_framework MetalKit";
				PRODUCT_BUNDLE_IDENTIFIER = com.yourcompany.ARA_midiout;
				PRODUCT_NAME = "ARA_midiout";
				SKIP_INSTALL = YES;
				USE_HEADERMAP = NO;
				VALID_ARCHS = "i386 x86_64 arm64 arm64e";
			};
			name = Debug;
		};
		871BE170E9151D4910425C98 /* Release */ = {
			isa = XCBuildConfiguration;
			buildSettings = {
				MACOSX_DEPLOYMENT_TARGET = 10.11;
				SDKROOT = macosx;
			};
			name = Release;
		};
		919BADF78AC03AAA35D8B67F /* Debug */ = {
			isa = XCBuildConfiguration;
			buildSettings = {
				CLANG_CXX_LANGUAGE_STANDARD = "c++14";
				CLANG_CXX_LIBRARY = "libc++";
				CLANG_LINK_OBJC_RUNTIME = NO;
				CODE_SIGN_IDENTITY = "";
				COMBINE_HIDPI_IMAGES = YES;
				CONFIGURATION_BUILD_DIR = "$(PROJECT_DIR)/build/$(CONFIGURATION)";
				COPY_PHASE_STRIP = NO;
				DEPLOYMENT_LOCATION = YES;
				DSTROOT = /;
				EXCLUDED_ARCHS = "";
				GCC_DYNAMIC_NO_PIC = NO;
				GCC_OPTIMIZATION_LEVEL = 0;
				GCC_PREPROCESSOR_DEFINITIONS = (
					"_DEBUG=1",
					"DEBUG=1",
					"JUCE_DISPLAY_SPLASH_SCREEN=1",
					"JUCE_USE_DARK_SPLASH_SCREEN=1",
					"JUCE_PROJUCER_VERSION=0x70002",
					"JUCE_MODULE_AVAILABLE_juce_audio_basics=1",
					"JUCE_MODULE_AVAILABLE_juce_audio_devices=1",
					"JUCE_MODULE_AVAILABLE_juce_audio_formats=1",
					"JUCE_MODULE_AVAILABLE_juce_audio_plugin_client=1",
					"JUCE_MODULE_AVAILABLE_juce_audio_processors=1",
					"JUCE_MODULE_AVAILABLE_juce_audio_utils=1",
					"JUCE_MODULE_AVAILABLE_juce_core=1",
					"JUCE_MODULE_AVAILABLE_juce_data_structures=1",
					"JUCE_MODULE_AVAILABLE_juce_events=1",
					"JUCE_MODULE_AVAILABLE_juce_graphics=1",
					"JUCE_MODULE_AVAILABLE_juce_gui_basics=1",
					"JUCE_MODULE_AVAILABLE_juce_gui_extra=1",
					"JUCE_GLOBAL_MODULE_SETTINGS_INCLUDED=1",
					"JUCE_VST3_CAN_REPLACE_VST2=0",
					"JUCE_STRICT_REFCOUNTEDPOINTER=1",
					"JucePlugin_Build_VST=0",
					"JucePlugin_Build_VST3=0",
					"JucePlugin_Build_AU=1",
					"JucePlugin_Build_AUv3=0",
					"JucePlugin_Build_AAX=0",
					"JucePlugin_Build_Standalone=0",
					"JucePlugin_Build_Unity=0",
					"JucePlugin_Build_LV2=0",
					"JucePlugin_Enable_IAA=0",
					"JucePlugin_Enable_ARA=1",
					"JucePlugin_Name=\\\"ARA_midiout\\\"",
					"JucePlugin_Desc=\\\"ARA_midiout\\\"",
					"JucePlugin_Manufacturer=\\\"yourcompany\\\"",
					"JucePlugin_ManufacturerWebsite=\\\"www.sanandreas.no\\\"",
					"JucePlugin_ManufacturerEmail=\\\"\\\"",
					"JucePlugin_ManufacturerCode=0x4d616e75",
					"JucePlugin_PluginCode=0x45616272",
					"JucePlugin_IsSynth=0",
					"JucePlugin_WantsMidiInput=0",
					"JucePlugin_ProducesMidiOutput=1",
					"JucePlugin_IsMidiEffect=0",
					"JucePlugin_EditorRequiresKeyboardFocus=0",
					"JucePlugin_Version=1.0.0",
					"JucePlugin_VersionCode=0x10000",
					"JucePlugin_VersionString=\\\"1.0.0\\\"",
					"JucePlugin_VSTUniqueID=JucePlugin_PluginCode",
					"JucePlugin_VSTCategory=kPlugCategEffect",
					"JucePlugin_Vst3Category=\\\"Fx\\\"",
					"JucePlugin_AUMainType=\\'aufx\\'",
					"JucePlugin_AUSubType=JucePlugin_PluginCode",
					"JucePlugin_AUExportPrefix=ARA_midioutAU",
					"JucePlugin_AUExportPrefixQuoted=\\\"ARA_midioutAU\\\"",
					"JucePlugin_AUManufacturerCode=JucePlugin_ManufacturerCode",
					"JucePlugin_CFBundleIdentifier=com.yourcompany.ARA_midiout",
					"JucePlugin_AAXIdentifier=com.yourcompany.ARA_midiout",
					"JucePlugin_AAXManufacturerCode=JucePlugin_ManufacturerCode",
					"JucePlugin_AAXProductId=JucePlugin_PluginCode",
					"JucePlugin_AAXCategory=0",
					"JucePlugin_AAXDisableBypass=0",
					"JucePlugin_AAXDisableMultiMono=0",
					"JucePlugin_IAAType=0x61757278",
					"JucePlugin_IAASubType=JucePlugin_PluginCode",
					"JucePlugin_IAAName=\\\"yourcompany:\\ ARA_midiout\\\"",
					"JucePlugin_VSTNumMidiInputs=16",
					"JucePlugin_VSTNumMidiOutputs=16",
					"JucePlugin_ARAContentTypes=0",
					"JucePlugin_ARATransformationFlags=0",
					"JucePlugin_ARAFactoryID=\\\"com.yourcompany.ARA_midiout.factory\\\"",
					"JucePlugin_ARADocumentArchiveID=\\\"com.yourcompany.ARA_midiout.aradocumentarchive.1.0.0\\\"",
					"JucePlugin_ARACompatibleArchiveIDs=\\\"\\\"",
					"JUCE_STANDALONE_APPLICATION=JucePlugin_Build_Standalone",
					"JUCER_XCODE_MAC_F6D2F4CF=1",
					"JUCE_APP_VERSION=1.0.0",
					"JUCE_APP_VERSION_HEX=0x10000",
				);
				GCC_VERSION = com.apple.compilers.llvm.clang.1_0;
				GENERATE_PKGINFO_FILE = YES;
				HEADER_SEARCH_PATHS = (
					"/Library/JUCE/JUCE/modules/juce_audio_processors/format_types/VST3_SDK",
					"$(SRCROOT)/../../JuceLibraryCode",
					"$(HOME)/SDKs/ARA_SDK",
					"/Library/JUCE/JUCE/modules",
					"/Library/JUCE/JUCE/modules/juce_audio_plugin_client",
					"$(inherited)",
				);
				INFOPLIST_FILE = Info-AU.plist;
				INFOPLIST_PREPROCESS = NO;
				INSTALL_PATH = "$(HOME)/Library/Audio/Plug-Ins/Components/";
				LIBRARY_STYLE = Bundle;
				MACOSX_DEPLOYMENT_TARGET = 10.11;
				MTL_HEADER_SEARCH_PATHS = "/Library/JUCE/JUCE/modules/juce_audio_processors/format_types/VST3_SDK $(SRCROOT)/../../JuceLibraryCode $(HOME)/SDKs/ARA_SDK /Library/JUCE/JUCE/modules /Library/JUCE/JUCE/modules/juce_audio_plugin_client";
				OTHER_LDFLAGS = "-bundle -lARA_midiout -weak_framework Metal -weak_framework MetalKit";
				OTHER_REZFLAGS = "-d ppc_$ppc -d i386_$i386 -d ppc64_$ppc64 -d x86_64_$x86_64 -d arm64_$arm64 -I /System/Library/Frameworks/CoreServices.framework/Frameworks/CarbonCore.framework/Versions/A/Headers -I \"$(DEVELOPER_DIR)/Extras/CoreAudio/AudioUnits/AUPublic/AUBase\" -I \"$(DEVELOPER_DIR)/Platforms/MacOSX.platform/Developer/SDKs/MacOSX.sdk/System/Library/Frameworks/AudioUnit.framework/Headers\"";
				PRODUCT_BUNDLE_IDENTIFIER = com.yourcompany.ARA_midiout;
				PRODUCT_NAME = "ARA_midiout";
				USE_HEADERMAP = NO;
				VALID_ARCHS = "i386 x86_64 arm64 arm64e";
				WRAPPER_EXTENSION = component;
			};
			name = Debug;
		};
		9529C55DC8CE38360D977A13 /* Release */ = {
			isa = XCBuildConfiguration;
			buildSettings = {
				CLANG_CXX_LANGUAGE_STANDARD = "c++14";
				CLANG_CXX_LIBRARY = "libc++";
				CLANG_LINK_OBJC_RUNTIME = NO;
				CODE_SIGN_IDENTITY = "";
				COMBINE_HIDPI_IMAGES = YES;
				CONFIGURATION_BUILD_DIR = "$(PROJECT_DIR)/build/$(CONFIGURATION)";
				DEAD_CODE_STRIPPING = YES;
				DEPLOYMENT_LOCATION = YES;
				DSTROOT = /;
				EXCLUDED_ARCHS = "";
				GCC_GENERATE_DEBUGGING_SYMBOLS = NO;
				GCC_OPTIMIZATION_LEVEL = 3;
				GCC_PREPROCESSOR_DEFINITIONS = (
					"_NDEBUG=1",
					"NDEBUG=1",
					"JUCE_DISPLAY_SPLASH_SCREEN=1",
					"JUCE_USE_DARK_SPLASH_SCREEN=1",
					"JUCE_PROJUCER_VERSION=0x70002",
					"JUCE_MODULE_AVAILABLE_juce_audio_basics=1",
					"JUCE_MODULE_AVAILABLE_juce_audio_devices=1",
					"JUCE_MODULE_AVAILABLE_juce_audio_formats=1",
					"JUCE_MODULE_AVAILABLE_juce_audio_plugin_client=1",
					"JUCE_MODULE_AVAILABLE_juce_audio_processors=1",
					"JUCE_MODULE_AVAILABLE_juce_audio_utils=1",
					"JUCE_MODULE_AVAILABLE_juce_core=1",
					"JUCE_MODULE_AVAILABLE_juce_data_structures=1",
					"JUCE_MODULE_AVAILABLE_juce_events=1",
					"JUCE_MODULE_AVAILABLE_juce_graphics=1",
					"JUCE_MODULE_AVAILABLE_juce_gui_basics=1",
					"JUCE_MODULE_AVAILABLE_juce_gui_extra=1",
					"JUCE_GLOBAL_MODULE_SETTINGS_INCLUDED=1",
					"JUCE_VST3_CAN_REPLACE_VST2=0",
					"JUCE_STRICT_REFCOUNTEDPOINTER=1",
					"JucePlugin_Build_VST=0",
					"JucePlugin_Build_VST3=0",
					"JucePlugin_Build_AU=1",
					"JucePlugin_Build_AUv3=0",
					"JucePlugin_Build_AAX=0",
					"JucePlugin_Build_Standalone=0",
					"JucePlugin_Build_Unity=0",
					"JucePlugin_Build_LV2=0",
					"JucePlugin_Enable_IAA=0",
					"JucePlugin_Enable_ARA=1",
					"JucePlugin_Name=\\\"ARA_midiout\\\"",
					"JucePlugin_Desc=\\\"ARA_midiout\\\"",
					"JucePlugin_Manufacturer=\\\"yourcompany\\\"",
					"JucePlugin_ManufacturerWebsite=\\\"www.sanandreas.no\\\"",
					"JucePlugin_ManufacturerEmail=\\\"\\\"",
					"JucePlugin_ManufacturerCode=0x4d616e75",
					"JucePlugin_PluginCode=0x45616272",
					"JucePlugin_IsSynth=0",
					"JucePlugin_WantsMidiInput=0",
					"JucePlugin_ProducesMidiOutput=1",
					"JucePlugin_IsMidiEffect=0",
					"JucePlugin_EditorRequiresKeyboardFocus=0",
					"JucePlugin_Version=1.0.0",
					"JucePlugin_VersionCode=0x10000",
					"JucePlugin_VersionString=\\\"1.0.0\\\"",
					"JucePlugin_VSTUniqueID=JucePlugin_PluginCode",
					"JucePlugin_VSTCategory=kPlugCategEffect",
					"JucePlugin_Vst3Category=\\\"Fx\\\"",
					"JucePlugin_AUMainType=\\'aufx\\'",
					"JucePlugin_AUSubType=JucePlugin_PluginCode",
					"JucePlugin_AUExportPrefix=ARA_midioutAU",
					"JucePlugin_AUExportPrefixQuoted=\\\"ARA_midioutAU\\\"",
					"JucePlugin_AUManufacturerCode=JucePlugin_ManufacturerCode",
					"JucePlugin_CFBundleIdentifier=com.yourcompany.ARA_midiout",
					"JucePlugin_AAXIdentifier=com.yourcompany.ARA_midiout",
					"JucePlugin_AAXManufacturerCode=JucePlugin_ManufacturerCode",
					"JucePlugin_AAXProductId=JucePlugin_PluginCode",
					"JucePlugin_AAXCategory=0",
					"JucePlugin_AAXDisableBypass=0",
					"JucePlugin_AAXDisableMultiMono=0",
					"JucePlugin_IAAType=0x61757278",
					"JucePlugin_IAASubType=JucePlugin_PluginCode",
					"JucePlugin_IAAName=\\\"yourcompany:\\ ARA_midiout\\\"",
					"JucePlugin_VSTNumMidiInputs=16",
					"JucePlugin_VSTNumMidiOutputs=16",
					"JucePlugin_ARAContentTypes=0",
					"JucePlugin_ARATransformationFlags=0",
					"JucePlugin_ARAFactoryID=\\\"com.yourcompany.ARA_midiout.factory\\\"",
					"JucePlugin_ARADocumentArchiveID=\\\"com.yourcompany.ARA_midiout.aradocumentarchive.1.0.0\\\"",
					"JucePlugin_ARACompatibleArchiveIDs=\\\"\\\"",
					"JUCE_STANDALONE_APPLICATION=JucePlugin_Build_Standalone",
					"JUCER_XCODE_MAC_F6D2F4CF=1",
					"JUCE_APP_VERSION=1.0.0",
					"JUCE_APP_VERSION_HEX=0x10000",
				);
				GCC_VERSION = com.apple.compilers.llvm.clang.1_0;
				GENERATE_PKGINFO_FILE = YES;
				HEADER_SEARCH_PATHS = (
					"/Library/JUCE/JUCE/modules/juce_audio_processors/format_types/VST3_SDK",
					"$(SRCROOT)/../../JuceLibraryCode",
					"$(HOME)/SDKs/ARA_SDK",
					"/Library/JUCE/JUCE/modules",
					"/Library/JUCE/JUCE/modules/juce_audio_plugin_client",
					"$(inherited)",
				);
				INFOPLIST_FILE = Info-AU.plist;
				INFOPLIST_PREPROCESS = NO;
				INSTALL_PATH = "$(HOME)/Library/Audio/Plug-Ins/Components/";
				LIBRARY_STYLE = Bundle;
				LLVM_LTO = YES;
				MACOSX_DEPLOYMENT_TARGET = 10.11;
				MTL_HEADER_SEARCH_PATHS = "/Library/JUCE/JUCE/modules/juce_audio_processors/format_types/VST3_SDK $(SRCROOT)/../../JuceLibraryCode $(HOME)/SDKs/ARA_SDK /Library/JUCE/JUCE/modules /Library/JUCE/JUCE/modules/juce_audio_plugin_client";
				OTHER_LDFLAGS = "-bundle -lARA_midiout -weak_framework Metal -weak_framework MetalKit";
				OTHER_REZFLAGS = "-d ppc_$ppc -d i386_$i386 -d ppc64_$ppc64 -d x86_64_$x86_64 -d arm64_$arm64 -I /System/Library/Frameworks/CoreServices.framework/Frameworks/CarbonCore.framework/Versions/A/Headers -I \"$(DEVELOPER_DIR)/Extras/CoreAudio/AudioUnits/AUPublic/AUBase\" -I \"$(DEVELOPER_DIR)/Platforms/MacOSX.platform/Developer/SDKs/MacOSX.sdk/System/Library/Frameworks/AudioUnit.framework/Headers\"";
				PRODUCT_BUNDLE_IDENTIFIER = com.yourcompany.ARA_midiout;
				PRODUCT_NAME = "ARA_midiout";
				USE_HEADERMAP = NO;
				VALID_ARCHS = "i386 x86_64 arm64 arm64e";
				WRAPPER_EXTENSION = component;
			};
			name = Release;
		};
		9AC35D0FBC556B5EF0FEE0B3 /* Release */ = {
			isa = XCBuildConfiguration;
			buildSettings = {
				CLANG_CXX_LANGUAGE_STANDARD = "c++14";
				CLANG_CXX_LIBRARY = "libc++";
				CLANG_LINK_OBJC_RUNTIME = NO;
				CODE_SIGN_IDENTITY = "";
				COMBINE_HIDPI_IMAGES = YES;
				CONFIGURATION_BUILD_DIR = "$(PROJECT_DIR)/build/$(CONFIGURATION)";
				DEAD_CODE_STRIPPING = YES;
				EXCLUDED_ARCHS = "";
				GCC_GENERATE_DEBUGGING_SYMBOLS = NO;
				GCC_OPTIMIZATION_LEVEL = 3;
				GCC_PREPROCESSOR_DEFINITIONS = (
					"_NDEBUG=1",
					"NDEBUG=1",
					"JUCE_DISPLAY_SPLASH_SCREEN=1",
					"JUCE_USE_DARK_SPLASH_SCREEN=1",
					"JUCE_PROJUCER_VERSION=0x70002",
					"JUCE_MODULE_AVAILABLE_juce_audio_basics=1",
					"JUCE_MODULE_AVAILABLE_juce_audio_devices=1",
					"JUCE_MODULE_AVAILABLE_juce_audio_formats=1",
					"JUCE_MODULE_AVAILABLE_juce_audio_plugin_client=1",
					"JUCE_MODULE_AVAILABLE_juce_audio_processors=1",
					"JUCE_MODULE_AVAILABLE_juce_audio_utils=1",
					"JUCE_MODULE_AVAILABLE_juce_core=1",
					"JUCE_MODULE_AVAILABLE_juce_data_structures=1",
					"JUCE_MODULE_AVAILABLE_juce_events=1",
					"JUCE_MODULE_AVAILABLE_juce_graphics=1",
					"JUCE_MODULE_AVAILABLE_juce_gui_basics=1",
					"JUCE_MODULE_AVAILABLE_juce_gui_extra=1",
					"JUCE_GLOBAL_MODULE_SETTINGS_INCLUDED=1",
					"JUCE_VST3_CAN_REPLACE_VST2=0",
					"JUCE_STRICT_REFCOUNTEDPOINTER=1",
					"JucePlugin_Build_VST=0",
					"JucePlugin_Build_VST3=1",
					"JucePlugin_Build_AU=1",
					"JucePlugin_Build_AUv3=0",
					"JucePlugin_Build_AAX=0",
					"JucePlugin_Build_Standalone=1",
					"JucePlugin_Build_Unity=0",
					"JucePlugin_Build_LV2=0",
					"JucePlugin_Enable_IAA=0",
					"JucePlugin_Enable_ARA=1",
					"JucePlugin_Name=\\\"ARA_midiout\\\"",
					"JucePlugin_Desc=\\\"ARA_midiout\\\"",
					"JucePlugin_Manufacturer=\\\"yourcompany\\\"",
					"JucePlugin_ManufacturerWebsite=\\\"www.sanandreas.no\\\"",
					"JucePlugin_ManufacturerEmail=\\\"\\\"",
					"JucePlugin_ManufacturerCode=0x4d616e75",
					"JucePlugin_PluginCode=0x45616272",
					"JucePlugin_IsSynth=0",
					"JucePlugin_WantsMidiInput=0",
					"JucePlugin_ProducesMidiOutput=1",
					"JucePlugin_IsMidiEffect=0",
					"JucePlugin_EditorRequiresKeyboardFocus=0",
					"JucePlugin_Version=1.0.0",
					"JucePlugin_VersionCode=0x10000",
					"JucePlugin_VersionString=\\\"1.0.0\\\"",
					"JucePlugin_VSTUniqueID=JucePlugin_PluginCode",
					"JucePlugin_VSTCategory=kPlugCategEffect",
					"JucePlugin_Vst3Category=\\\"Fx\\\"",
					"JucePlugin_AUMainType=\\'aufx\\'",
					"JucePlugin_AUSubType=JucePlugin_PluginCode",
					"JucePlugin_AUExportPrefix=ARA_midioutAU",
					"JucePlugin_AUExportPrefixQuoted=\\\"ARA_midioutAU\\\"",
					"JucePlugin_AUManufacturerCode=JucePlugin_ManufacturerCode",
					"JucePlugin_CFBundleIdentifier=com.yourcompany.ARA_midiout",
					"JucePlugin_AAXIdentifier=com.yourcompany.ARA_midiout",
					"JucePlugin_AAXManufacturerCode=JucePlugin_ManufacturerCode",
					"JucePlugin_AAXProductId=JucePlugin_PluginCode",
					"JucePlugin_AAXCategory=0",
					"JucePlugin_AAXDisableBypass=0",
					"JucePlugin_AAXDisableMultiMono=0",
					"JucePlugin_IAAType=0x61757278",
					"JucePlugin_IAASubType=JucePlugin_PluginCode",
					"JucePlugin_IAAName=\\\"yourcompany:\\ ARA_midiout\\\"",
					"JucePlugin_VSTNumMidiInputs=16",
					"JucePlugin_VSTNumMidiOutputs=16",
					"JucePlugin_ARAContentTypes=0",
					"JucePlugin_ARATransformationFlags=0",
					"JucePlugin_ARAFactoryID=\\\"com.yourcompany.ARA_midiout.factory\\\"",
					"JucePlugin_ARADocumentArchiveID=\\\"com.yourcompany.ARA_midiout.aradocumentarchive.1.0.0\\\"",
					"JucePlugin_ARACompatibleArchiveIDs=\\\"\\\"",
					"JUCE_STANDALONE_APPLICATION=JucePlugin_Build_Standalone",
					"JUCER_XCODE_MAC_F6D2F4CF=1",
					"JUCE_APP_VERSION=1.0.0",
					"JUCE_APP_VERSION_HEX=0x10000",
					"JUCE_SHARED_CODE=1",
				);
				GCC_VERSION = com.apple.compilers.llvm.clang.1_0;
				HEADER_SEARCH_PATHS = (
					"/Library/JUCE/JUCE/modules/juce_audio_processors/format_types/VST3_SDK",
					"$(SRCROOT)/../../JuceLibraryCode",
					"$(HOME)/SDKs/ARA_SDK",
					"/Library/JUCE/JUCE/modules",
					"/Library/JUCE/JUCE/modules/juce_audio_plugin_client",
					"$(inherited)",
				);
				INSTALL_PATH = "@executable_path/../Frameworks";
				LLVM_LTO = YES;
				MACOSX_DEPLOYMENT_TARGET = 10.11;
				MTL_HEADER_SEARCH_PATHS = "/Library/JUCE/JUCE/modules/juce_audio_processors/format_types/VST3_SDK $(SRCROOT)/../../JuceLibraryCode $(HOME)/SDKs/ARA_SDK /Library/JUCE/JUCE/modules /Library/JUCE/JUCE/modules/juce_audio_plugin_client";
				OTHER_LDFLAGS = "-weak_framework Metal -weak_framework MetalKit";
				PRODUCT_BUNDLE_IDENTIFIER = com.yourcompany.ARA_midiout;
				PRODUCT_NAME = "ARA_midiout";
				SKIP_INSTALL = YES;
				USE_HEADERMAP = NO;
				VALID_ARCHS = "i386 x86_64 arm64 arm64e";
			};
			name = Release;
		};
		B5009DE72B1CD6CD6E0F69CB /* Release */ = {
			isa = XCBuildConfiguration;
			buildSettings = {
				ALWAYS_SEARCH_USER_PATHS = NO;
				CLANG_ENABLE_OBJC_WEAK = YES;
				CLANG_WARN_BLOCK_CAPTURE_AUTORELEASING = YES;
				CLANG_WARN_BOOL_CONVERSION = YES;
				CLANG_WARN_COMMA = YES;
				CLANG_WARN_CONSTANT_CONVERSION = YES;
				CLANG_WARN_DEPRECATED_OBJC_IMPLEMENTATIONS = YES;
				CLANG_WARN_EMPTY_BODY = YES;
				CLANG_WARN_ENUM_CONVERSION = YES;
				CLANG_WARN_INFINITE_RECURSION = YES;
				CLANG_WARN_INT_CONVERSION = YES;
				CLANG_WARN_NON_LITERAL_NULL_CONVERSION = YES;
				CLANG_WARN_OBJC_IMPLICIT_RETAIN_SELF = YES;
				CLANG_WARN_OBJC_LITERAL_CONVERSION = YES;
				CLANG_WARN_RANGE_LOOP_ANALYSIS = YES;
				CLANG_WARN_STRICT_PROTOTYPES = YES;
				CLANG_WARN_SUSPICIOUS_MOVE = YES;
				CLANG_WARN_UNREACHABLE_CODE = YES;
				CLANG_WARN__DUPLICATE_METHOD_MATCH = YES;
				CODE_SIGN_IDENTITY = "";
				DEBUG_INFORMATION_FORMAT = dwarf;
				ENABLE_STRICT_OBJC_MSGSEND = YES;
				ENABLE_TESTABILITY = NO;
				GCC_C_LANGUAGE_STANDARD = c11;
				GCC_INLINES_ARE_PRIVATE_EXTERN = YES;
				GCC_MODEL_TUNING = G5;
				GCC_NO_COMMON_BLOCKS = YES;
				GCC_SYMBOLS_PRIVATE_EXTERN = YES;
				GCC_WARN_64_TO_32_BIT_CONVERSION = YES;
				GCC_WARN_ABOUT_RETURN_TYPE = YES;
				GCC_WARN_CHECK_SWITCH_STATEMENTS = YES;
				GCC_WARN_MISSING_PARENTHESES = YES;
				GCC_WARN_NON_VIRTUAL_DESTRUCTOR = YES;
				GCC_WARN_TYPECHECK_CALLS_TO_PRINTF = YES;
				GCC_WARN_UNDECLARED_SELECTOR = YES;
				GCC_WARN_UNINITIALIZED_AUTOS = YES;
				GCC_WARN_UNUSED_FUNCTION = YES;
				GCC_WARN_UNUSED_VARIABLE = YES;
				PRODUCT_NAME = "ARA_midiout";
				SDKROOT = macosx;
				WARNING_CFLAGS = "-Wreorder";
				ZERO_LINK = NO;
			};
			name = Release;
		};
		BE15E1297E919043395C2BF9 /* Debug */ = {
			isa = XCBuildConfiguration;
			buildSettings = {
				CLANG_CXX_LANGUAGE_STANDARD = "c++14";
				CLANG_CXX_LIBRARY = "libc++";
				CLANG_LINK_OBJC_RUNTIME = NO;
				CODE_SIGN_IDENTITY = "";
				COMBINE_HIDPI_IMAGES = YES;
				CONFIGURATION_BUILD_DIR = "$(PROJECT_DIR)/build/$(CONFIGURATION)";
				COPY_PHASE_STRIP = NO;
				EXCLUDED_ARCHS = "";
				GCC_DYNAMIC_NO_PIC = NO;
				GCC_OPTIMIZATION_LEVEL = 0;
				GCC_PREPROCESSOR_DEFINITIONS = (
					"_DEBUG=1",
					"DEBUG=1",
					"JUCE_DISPLAY_SPLASH_SCREEN=1",
					"JUCE_USE_DARK_SPLASH_SCREEN=1",
					"JUCE_PROJUCER_VERSION=0x70002",
					"JUCE_MODULE_AVAILABLE_juce_audio_basics=1",
					"JUCE_MODULE_AVAILABLE_juce_audio_devices=1",
					"JUCE_MODULE_AVAILABLE_juce_audio_formats=1",
					"JUCE_MODULE_AVAILABLE_juce_audio_plugin_client=1",
					"JUCE_MODULE_AVAILABLE_juce_audio_processors=1",
					"JUCE_MODULE_AVAILABLE_juce_audio_utils=1",
					"JUCE_MODULE_AVAILABLE_juce_core=1",
					"JUCE_MODULE_AVAILABLE_juce_data_structures=1",
					"JUCE_MODULE_AVAILABLE_juce_events=1",
					"JUCE_MODULE_AVAILABLE_juce_graphics=1",
					"JUCE_MODULE_AVAILABLE_juce_gui_basics=1",
					"JUCE_MODULE_AVAILABLE_juce_gui_extra=1",
					"JUCE_GLOBAL_MODULE_SETTINGS_INCLUDED=1",
					"JUCE_VST3_CAN_REPLACE_VST2=0",
					"JUCE_STRICT_REFCOUNTEDPOINTER=1",
					"JucePlugin_Build_VST=0",
					"JucePlugin_Build_VST3=0",
					"JucePlugin_Build_AU=0",
					"JucePlugin_Build_AUv3=0",
					"JucePlugin_Build_AAX=0",
					"JucePlugin_Build_Standalone=1",
					"JucePlugin_Build_Unity=0",
					"JucePlugin_Build_LV2=0",
					"JucePlugin_Enable_IAA=0",
					"JucePlugin_Enable_ARA=1",
					"JucePlugin_Name=\\\"ARA_midiout\\\"",
					"JucePlugin_Desc=\\\"ARA_midiout\\\"",
					"JucePlugin_Manufacturer=\\\"yourcompany\\\"",
					"JucePlugin_ManufacturerWebsite=\\\"www.sanandreas.no\\\"",
					"JucePlugin_ManufacturerEmail=\\\"\\\"",
					"JucePlugin_ManufacturerCode=0x4d616e75",
					"JucePlugin_PluginCode=0x45616272",
					"JucePlugin_IsSynth=0",
					"JucePlugin_WantsMidiInput=0",
					"JucePlugin_ProducesMidiOutput=1",
					"JucePlugin_IsMidiEffect=0",
					"JucePlugin_EditorRequiresKeyboardFocus=0",
					"JucePlugin_Version=1.0.0",
					"JucePlugin_VersionCode=0x10000",
					"JucePlugin_VersionString=\\\"1.0.0\\\"",
					"JucePlugin_VSTUniqueID=JucePlugin_PluginCode",
					"JucePlugin_VSTCategory=kPlugCategEffect",
					"JucePlugin_Vst3Category=\\\"Fx\\\"",
					"JucePlugin_AUMainType=\\'aufx\\'",
					"JucePlugin_AUSubType=JucePlugin_PluginCode",
					"JucePlugin_AUExportPrefix=ARA_midioutAU",
					"JucePlugin_AUExportPrefixQuoted=\\\"ARA_midioutAU\\\"",
					"JucePlugin_AUManufacturerCode=JucePlugin_ManufacturerCode",
					"JucePlugin_CFBundleIdentifier=com.yourcompany.ARA_midiout",
					"JucePlugin_AAXIdentifier=com.yourcompany.ARA_midiout",
					"JucePlugin_AAXManufacturerCode=JucePlugin_ManufacturerCode",
					"JucePlugin_AAXProductId=JucePlugin_PluginCode",
					"JucePlugin_AAXCategory=0",
					"JucePlugin_AAXDisableBypass=0",
					"JucePlugin_AAXDisableMultiMono=0",
					"JucePlugin_IAAType=0x61757278",
					"JucePlugin_IAASubType=JucePlugin_PluginCode",
					"JucePlugin_IAAName=\\\"yourcompany:\\ ARA_midiout\\\"",
					"JucePlugin_VSTNumMidiInputs=16",
					"JucePlugin_VSTNumMidiOutputs=16",
					"JucePlugin_ARAContentTypes=0",
					"JucePlugin_ARATransformationFlags=0",
					"JucePlugin_ARAFactoryID=\\\"com.yourcompany.ARA_midiout.factory\\\"",
					"JucePlugin_ARADocumentArchiveID=\\\"com.yourcompany.ARA_midiout.aradocumentarchive.1.0.0\\\"",
					"JucePlugin_ARACompatibleArchiveIDs=\\\"\\\"",
					"JUCE_STANDALONE_APPLICATION=JucePlugin_Build_Standalone",
					"JUCER_XCODE_MAC_F6D2F4CF=1",
					"JUCE_APP_VERSION=1.0.0",
					"JUCE_APP_VERSION_HEX=0x10000",
				);
				GCC_VERSION = com.apple.compilers.llvm.clang.1_0;
				HEADER_SEARCH_PATHS = (
					"/Library/JUCE/JUCE/modules/juce_audio_processors/format_types/VST3_SDK",
					"$(SRCROOT)/../../JuceLibraryCode",
					"$(HOME)/SDKs/ARA_SDK",
					"/Library/JUCE/JUCE/modules",
					"/Library/JUCE/JUCE/modules/juce_audio_plugin_client",
					"$(inherited)",
				);
				INFOPLIST_FILE = Info-Standalone_Plugin.plist;
				INFOPLIST_PREPROCESS = NO;
				MACOSX_DEPLOYMENT_TARGET = 10.11;
				MTL_HEADER_SEARCH_PATHS = "/Library/JUCE/JUCE/modules/juce_audio_processors/format_types/VST3_SDK $(SRCROOT)/../../JuceLibraryCode $(HOME)/SDKs/ARA_SDK /Library/JUCE/JUCE/modules /Library/JUCE/JUCE/modules/juce_audio_plugin_client";
				OTHER_LDFLAGS = "-lARA_midiout -weak_framework Metal -weak_framework MetalKit";
				PRODUCT_BUNDLE_IDENTIFIER = com.yourcompany.ARA_midiout;
				PRODUCT_NAME = "ARA_midiout";
				USE_HEADERMAP = NO;
				VALID_ARCHS = "i386 x86_64 arm64 arm64e";
			};
			name = Debug;
		};
/* End XCBuildConfiguration section */

/* Begin XCConfigurationList section */
		3417443C1D255A8EF46932F0 = {
			isa = XCConfigurationList;
			buildConfigurations = (
				5FFE63BF6878AFF5735BF400,
				871BE170E9151D4910425C98,
			);
			defaultConfigurationIsVisible = 0;
			defaultConfigurationName = Debug;
		};
		4353E6449B23956FAB3CB1FA = {
			isa = XCConfigurationList;
			buildConfigurations = (
				BE15E1297E919043395C2BF9,
				18EC6FCF21617964A3C39DA5,
			);
			defaultConfigurationIsVisible = 0;
			defaultConfigurationName = Debug;
		};
		6A0B3A52E625BBBE6415FA02 = {
			isa = XCConfigurationList;
			buildConfigurations = (
				3DE08B04170DA3D95BC855B3,
				B5009DE72B1CD6CD6E0F69CB,
			);
			defaultConfigurationIsVisible = 0;
			defaultConfigurationName = Debug;
		};
		83DEDC28CD2A003E0C4DAAA6 = {
			isa = XCConfigurationList;
			buildConfigurations = (
				676AD054D36DCE4E414965E6,
				9AC35D0FBC556B5EF0FEE0B3,
			);
			defaultConfigurationIsVisible = 0;
			defaultConfigurationName = Debug;
		};
		A3B19C78E4E76AB0588422DB = {
			isa = XCConfigurationList;
			buildConfigurations = (
				919BADF78AC03AAA35D8B67F,
				9529C55DC8CE38360D977A13,
			);
			defaultConfigurationIsVisible = 0;
			defaultConfigurationName = Debug;
		};
		AEC92C242BF624EB0FB2A7C6 = {
			isa = XCConfigurationList;
			buildConfigurations = (
				39EA89AD8A537AE9BF18EC0B,
				6097E3053F5F7A7FFD8213C2,
			);
			defaultConfigurationIsVisible = 0;
			defaultConfigurationName = Debug;
		};
/* End XCConfigurationList section */
	};
	rootObject = B0517ACF53FE0CB06D623F50 /* Project object */;
}
